{
  "name": "src",
  "lockfileVersion": 3,
  "requires": true,
  "packages": {
    "": {
      "dependencies": {
        "@aws-sdk/client-lambda": "3.229.0"
      }
    },
    "node_modules/@aws-crypto/ie11-detection": {
      "version": "2.0.2",
      "resolved": "https://registry.npmjs.org/@aws-crypto/ie11-detection/-/ie11-detection-2.0.2.tgz",
      "integrity": "sha512-5XDMQY98gMAf/WRTic5G++jfmS/VLM0rwpiOpaainKi4L0nqWMSB1SzsrEG5rjFZGYN6ZAefO+/Yta2dFM0kMw==",
      "dependencies": {
        "tslib": "^1.11.1"
      }
    },
    "node_modules/@aws-crypto/ie11-detection/node_modules/tslib": {
      "version": "1.14.1",
      "resolved": "https://registry.npmjs.org/tslib/-/tslib-1.14.1.tgz",
      "integrity": "sha512-Xni35NKzjgMrwevysHTCArtLDpPvye8zV/0E4EyYn43P7/7qvQwPh9BGkHewbMulVntbigmcT7rdX3BNo9wRJg=="
    },
    "node_modules/@aws-crypto/sha256-browser": {
      "version": "2.0.0",
      "resolved": "https://registry.npmjs.org/@aws-crypto/sha256-browser/-/sha256-browser-2.0.0.tgz",
      "integrity": "sha512-rYXOQ8BFOaqMEHJrLHul/25ckWH6GTJtdLSajhlqGMx0PmSueAuvboCuZCTqEKlxR8CQOwRarxYMZZSYlhRA1A==",
      "dependencies": {
        "@aws-crypto/ie11-detection": "^2.0.0",
        "@aws-crypto/sha256-js": "^2.0.0",
        "@aws-crypto/supports-web-crypto": "^2.0.0",
        "@aws-crypto/util": "^2.0.0",
        "@aws-sdk/types": "^3.1.0",
        "@aws-sdk/util-locate-window": "^3.0.0",
        "@aws-sdk/util-utf8-browser": "^3.0.0",
        "tslib": "^1.11.1"
      }
    },
    "node_modules/@aws-crypto/sha256-browser/node_modules/tslib": {
      "version": "1.14.1",
      "resolved": "https://registry.npmjs.org/tslib/-/tslib-1.14.1.tgz",
      "integrity": "sha512-Xni35NKzjgMrwevysHTCArtLDpPvye8zV/0E4EyYn43P7/7qvQwPh9BGkHewbMulVntbigmcT7rdX3BNo9wRJg=="
    },
    "node_modules/@aws-crypto/sha256-js": {
      "version": "2.0.0",
      "resolved": "https://registry.npmjs.org/@aws-crypto/sha256-js/-/sha256-js-2.0.0.tgz",
      "integrity": "sha512-VZY+mCY4Nmrs5WGfitmNqXzaE873fcIZDu54cbaDaaamsaTOP1DBImV9F4pICc3EHjQXujyE8jig+PFCaew9ig==",
      "dependencies": {
        "@aws-crypto/util": "^2.0.0",
        "@aws-sdk/types": "^3.1.0",
        "tslib": "^1.11.1"
      }
    },
    "node_modules/@aws-crypto/sha256-js/node_modules/tslib": {
      "version": "1.14.1",
      "resolved": "https://registry.npmjs.org/tslib/-/tslib-1.14.1.tgz",
      "integrity": "sha512-Xni35NKzjgMrwevysHTCArtLDpPvye8zV/0E4EyYn43P7/7qvQwPh9BGkHewbMulVntbigmcT7rdX3BNo9wRJg=="
    },
    "node_modules/@aws-crypto/supports-web-crypto": {
      "version": "2.0.2",
      "resolved": "https://registry.npmjs.org/@aws-crypto/supports-web-crypto/-/supports-web-crypto-2.0.2.tgz",
      "integrity": "sha512-6mbSsLHwZ99CTOOswvCRP3C+VCWnzBf+1SnbWxzzJ9lR0mA0JnY2JEAhp8rqmTE0GPFy88rrM27ffgp62oErMQ==",
      "dependencies": {
        "tslib": "^1.11.1"
      }
    },
    "node_modules/@aws-crypto/supports-web-crypto/node_modules/tslib": {
      "version": "1.14.1",
      "resolved": "https://registry.npmjs.org/tslib/-/tslib-1.14.1.tgz",
      "integrity": "sha512-Xni35NKzjgMrwevysHTCArtLDpPvye8zV/0E4EyYn43P7/7qvQwPh9BGkHewbMulVntbigmcT7rdX3BNo9wRJg=="
    },
    "node_modules/@aws-crypto/util": {
      "version": "2.0.2",
      "resolved": "https://registry.npmjs.org/@aws-crypto/util/-/util-2.0.2.tgz",
      "integrity": "sha512-Lgu5v/0e/BcrZ5m/IWqzPUf3UYFTy/PpeED+uc9SWUR1iZQL8XXbGQg10UfllwwBryO3hFF5dizK+78aoXC1eA==",
      "dependencies": {
        "@aws-sdk/types": "^3.110.0",
        "@aws-sdk/util-utf8-browser": "^3.0.0",
        "tslib": "^1.11.1"
      }
    },
    "node_modules/@aws-crypto/util/node_modules/tslib": {
      "version": "1.14.1",
      "resolved": "https://registry.npmjs.org/tslib/-/tslib-1.14.1.tgz",
      "integrity": "sha512-Xni35NKzjgMrwevysHTCArtLDpPvye8zV/0E4EyYn43P7/7qvQwPh9BGkHewbMulVntbigmcT7rdX3BNo9wRJg=="
    },
    "node_modules/@aws-sdk/abort-controller": {
      "version": "3.226.0",
      "resolved": "https://registry.npmjs.org/@aws-sdk/abort-controller/-/abort-controller-3.226.0.tgz",
      "integrity": "sha512-cJVzr1xxPBd08voknXvR0RLgtZKGKt6WyDpH/BaPCu3rfSqWCDZKzwqe940eqosjmKrxC6pUZNKASIqHOQ8xxQ==",
      "dependencies": {
        "@aws-sdk/types": "3.226.0",
        "tslib": "^2.3.1"
      },
      "engines": {
        "node": ">=14.0.0"
      }
    },
    "node_modules/@aws-sdk/client-lambda": {
      "version": "3.229.0",
      "resolved": "https://registry.npmjs.org/@aws-sdk/client-lambda/-/client-lambda-3.229.0.tgz",
      "integrity": "sha512-HLC1y6qIACn1iN6u69rbeNCB52SUK1Fe+BryUxxSPk3vH2fZZ51Xa4Eqw7lDVKlBmQR3lpYVG2dwhRm6U9FaIg==",
      "dependencies": {
        "@aws-crypto/sha256-browser": "2.0.0",
        "@aws-crypto/sha256-js": "2.0.0",
        "@aws-sdk/client-sts": "3.229.0",
        "@aws-sdk/config-resolver": "3.226.0",
        "@aws-sdk/credential-provider-node": "3.229.0",
        "@aws-sdk/fetch-http-handler": "3.226.0",
        "@aws-sdk/hash-node": "3.226.0",
        "@aws-sdk/invalid-dependency": "3.226.0",
        "@aws-sdk/middleware-content-length": "3.226.0",
        "@aws-sdk/middleware-endpoint": "3.226.0",
        "@aws-sdk/middleware-host-header": "3.226.0",
        "@aws-sdk/middleware-logger": "3.226.0",
        "@aws-sdk/middleware-recursion-detection": "3.226.0",
        "@aws-sdk/middleware-retry": "3.229.0",
        "@aws-sdk/middleware-serde": "3.226.0",
        "@aws-sdk/middleware-signing": "3.226.0",
        "@aws-sdk/middleware-stack": "3.226.0",
        "@aws-sdk/middleware-user-agent": "3.226.0",
        "@aws-sdk/node-config-provider": "3.226.0",
        "@aws-sdk/node-http-handler": "3.226.0",
        "@aws-sdk/protocol-http": "3.226.0",
        "@aws-sdk/smithy-client": "3.226.0",
        "@aws-sdk/types": "3.226.0",
        "@aws-sdk/url-parser": "3.226.0",
        "@aws-sdk/util-base64": "3.208.0",
        "@aws-sdk/util-body-length-browser": "3.188.0",
        "@aws-sdk/util-body-length-node": "3.208.0",
        "@aws-sdk/util-defaults-mode-browser": "3.226.0",
        "@aws-sdk/util-defaults-mode-node": "3.226.0",
        "@aws-sdk/util-endpoints": "3.226.0",
        "@aws-sdk/util-retry": "3.229.0",
        "@aws-sdk/util-user-agent-browser": "3.226.0",
        "@aws-sdk/util-user-agent-node": "3.226.0",
        "@aws-sdk/util-utf8-browser": "3.188.0",
        "@aws-sdk/util-utf8-node": "3.208.0",
        "@aws-sdk/util-waiter": "3.226.0",
        "tslib": "^2.3.1"
      },
      "engines": {
        "node": ">=14.0.0"
      }
    },
    "node_modules/@aws-sdk/client-sso": {
      "version": "3.229.0",
      "resolved": "https://registry.npmjs.org/@aws-sdk/client-sso/-/client-sso-3.229.0.tgz",
      "integrity": "sha512-gcPitIBAxwwhkCPKtod02ZjaFD5UCdwFYq31XsCY0OQDV+CFalSd+3gjKyDQOMtfgegLYyOvMQvlIU+geUFRZg==",
      "dependencies": {
        "@aws-crypto/sha256-browser": "2.0.0",
        "@aws-crypto/sha256-js": "2.0.0",
        "@aws-sdk/config-resolver": "3.226.0",
        "@aws-sdk/fetch-http-handler": "3.226.0",
        "@aws-sdk/hash-node": "3.226.0",
        "@aws-sdk/invalid-dependency": "3.226.0",
        "@aws-sdk/middleware-content-length": "3.226.0",
        "@aws-sdk/middleware-endpoint": "3.226.0",
        "@aws-sdk/middleware-host-header": "3.226.0",
        "@aws-sdk/middleware-logger": "3.226.0",
        "@aws-sdk/middleware-recursion-detection": "3.226.0",
        "@aws-sdk/middleware-retry": "3.229.0",
        "@aws-sdk/middleware-serde": "3.226.0",
        "@aws-sdk/middleware-stack": "3.226.0",
        "@aws-sdk/middleware-user-agent": "3.226.0",
        "@aws-sdk/node-config-provider": "3.226.0",
        "@aws-sdk/node-http-handler": "3.226.0",
        "@aws-sdk/protocol-http": "3.226.0",
        "@aws-sdk/smithy-client": "3.226.0",
        "@aws-sdk/types": "3.226.0",
        "@aws-sdk/url-parser": "3.226.0",
        "@aws-sdk/util-base64": "3.208.0",
        "@aws-sdk/util-body-length-browser": "3.188.0",
        "@aws-sdk/util-body-length-node": "3.208.0",
        "@aws-sdk/util-defaults-mode-browser": "3.226.0",
        "@aws-sdk/util-defaults-mode-node": "3.226.0",
        "@aws-sdk/util-endpoints": "3.226.0",
        "@aws-sdk/util-retry": "3.229.0",
        "@aws-sdk/util-user-agent-browser": "3.226.0",
        "@aws-sdk/util-user-agent-node": "3.226.0",
        "@aws-sdk/util-utf8-browser": "3.188.0",
        "@aws-sdk/util-utf8-node": "3.208.0",
        "tslib": "^2.3.1"
      },
      "engines": {
        "node": ">=14.0.0"
      }
    },
    "node_modules/@aws-sdk/client-sso-oidc": {
      "version": "3.229.0",
      "resolved": "https://registry.npmjs.org/@aws-sdk/client-sso-oidc/-/client-sso-oidc-3.229.0.tgz",
      "integrity": "sha512-sb9eRqnqMWVvdg4k9UTuC08IvRQOwpX2bT3XXoYioHYoy/ChUFPrNazrmuZwj6GFrIWkl0pIPCeqVfScZM3EYw==",
      "dependencies": {
        "@aws-crypto/sha256-browser": "2.0.0",
        "@aws-crypto/sha256-js": "2.0.0",
        "@aws-sdk/config-resolver": "3.226.0",
        "@aws-sdk/fetch-http-handler": "3.226.0",
        "@aws-sdk/hash-node": "3.226.0",
        "@aws-sdk/invalid-dependency": "3.226.0",
        "@aws-sdk/middleware-content-length": "3.226.0",
        "@aws-sdk/middleware-endpoint": "3.226.0",
        "@aws-sdk/middleware-host-header": "3.226.0",
        "@aws-sdk/middleware-logger": "3.226.0",
        "@aws-sdk/middleware-recursion-detection": "3.226.0",
        "@aws-sdk/middleware-retry": "3.229.0",
        "@aws-sdk/middleware-serde": "3.226.0",
        "@aws-sdk/middleware-stack": "3.226.0",
        "@aws-sdk/middleware-user-agent": "3.226.0",
        "@aws-sdk/node-config-provider": "3.226.0",
        "@aws-sdk/node-http-handler": "3.226.0",
        "@aws-sdk/protocol-http": "3.226.0",
        "@aws-sdk/smithy-client": "3.226.0",
        "@aws-sdk/types": "3.226.0",
        "@aws-sdk/url-parser": "3.226.0",
        "@aws-sdk/util-base64": "3.208.0",
        "@aws-sdk/util-body-length-browser": "3.188.0",
        "@aws-sdk/util-body-length-node": "3.208.0",
        "@aws-sdk/util-defaults-mode-browser": "3.226.0",
        "@aws-sdk/util-defaults-mode-node": "3.226.0",
        "@aws-sdk/util-endpoints": "3.226.0",
        "@aws-sdk/util-retry": "3.229.0",
        "@aws-sdk/util-user-agent-browser": "3.226.0",
        "@aws-sdk/util-user-agent-node": "3.226.0",
        "@aws-sdk/util-utf8-browser": "3.188.0",
        "@aws-sdk/util-utf8-node": "3.208.0",
        "tslib": "^2.3.1"
      },
      "engines": {
        "node": ">=14.0.0"
      }
    },
    "node_modules/@aws-sdk/client-sts": {
      "version": "3.229.0",
      "resolved": "https://registry.npmjs.org/@aws-sdk/client-sts/-/client-sts-3.229.0.tgz",
      "integrity": "sha512-UjGVIzYouEu14YkDy4o+IkVUsx8kLEYNYX5vrymNAT67lNnN/gSyV3h0XgMNzNQHZvtso9c96C6ZGeGW/AVUqQ==",
      "dependencies": {
        "@aws-crypto/sha256-browser": "2.0.0",
        "@aws-crypto/sha256-js": "2.0.0",
        "@aws-sdk/config-resolver": "3.226.0",
        "@aws-sdk/credential-provider-node": "3.229.0",
        "@aws-sdk/fetch-http-handler": "3.226.0",
        "@aws-sdk/hash-node": "3.226.0",
        "@aws-sdk/invalid-dependency": "3.226.0",
        "@aws-sdk/middleware-content-length": "3.226.0",
        "@aws-sdk/middleware-endpoint": "3.226.0",
        "@aws-sdk/middleware-host-header": "3.226.0",
        "@aws-sdk/middleware-logger": "3.226.0",
        "@aws-sdk/middleware-recursion-detection": "3.226.0",
        "@aws-sdk/middleware-retry": "3.229.0",
        "@aws-sdk/middleware-sdk-sts": "3.226.0",
        "@aws-sdk/middleware-serde": "3.226.0",
        "@aws-sdk/middleware-signing": "3.226.0",
        "@aws-sdk/middleware-stack": "3.226.0",
        "@aws-sdk/middleware-user-agent": "3.226.0",
        "@aws-sdk/node-config-provider": "3.226.0",
        "@aws-sdk/node-http-handler": "3.226.0",
        "@aws-sdk/protocol-http": "3.226.0",
        "@aws-sdk/smithy-client": "3.226.0",
        "@aws-sdk/types": "3.226.0",
        "@aws-sdk/url-parser": "3.226.0",
        "@aws-sdk/util-base64": "3.208.0",
        "@aws-sdk/util-body-length-browser": "3.188.0",
        "@aws-sdk/util-body-length-node": "3.208.0",
        "@aws-sdk/util-defaults-mode-browser": "3.226.0",
        "@aws-sdk/util-defaults-mode-node": "3.226.0",
        "@aws-sdk/util-endpoints": "3.226.0",
        "@aws-sdk/util-retry": "3.229.0",
        "@aws-sdk/util-user-agent-browser": "3.226.0",
        "@aws-sdk/util-user-agent-node": "3.226.0",
        "@aws-sdk/util-utf8-browser": "3.188.0",
        "@aws-sdk/util-utf8-node": "3.208.0",
        "fast-xml-parser": "4.0.11",
        "tslib": "^2.3.1"
      },
      "engines": {
        "node": ">=14.0.0"
      }
    },
    "node_modules/@aws-sdk/config-resolver": {
      "version": "3.226.0",
      "resolved": "https://registry.npmjs.org/@aws-sdk/config-resolver/-/config-resolver-3.226.0.tgz",
      "integrity": "sha512-0UWXtfnTT0OtnRP8jJodc8V7xAnWSqsh4RCRyV5uu3Z2Tv+xyW91GKxO+gOXoUP0hHu0lvBM9lYiMJcJWZYLYw==",
      "dependencies": {
        "@aws-sdk/signature-v4": "3.226.0",
        "@aws-sdk/types": "3.226.0",
        "@aws-sdk/util-config-provider": "3.208.0",
        "@aws-sdk/util-middleware": "3.226.0",
        "tslib": "^2.3.1"
      },
      "engines": {
        "node": ">=14.0.0"
      }
    },
    "node_modules/@aws-sdk/credential-provider-env": {
      "version": "3.226.0",
      "resolved": "https://registry.npmjs.org/@aws-sdk/credential-provider-env/-/credential-provider-env-3.226.0.tgz",
      "integrity": "sha512-sd8uK1ojbXxaZXlthzw/VXZwCPUtU3PjObOfr3Evj7MPIM2IH8h29foOlggx939MdLQGboJf9gKvLlvKDWtJRA==",
      "dependencies": {
        "@aws-sdk/property-provider": "3.226.0",
        "@aws-sdk/types": "3.226.0",
        "tslib": "^2.3.1"
      },
      "engines": {
        "node": ">=14.0.0"
      }
    },
    "node_modules/@aws-sdk/credential-provider-imds": {
      "version": "3.226.0",
      "resolved": "https://registry.npmjs.org/@aws-sdk/credential-provider-imds/-/credential-provider-imds-3.226.0.tgz",
      "integrity": "sha512-//z/COQm2AjYFI1Lb0wKHTQSrvLFTyuKLFQGPJsKS7DPoxGOCKB7hmYerlbl01IDoCxTdyL//TyyPxbZEOQD5Q==",
      "dependencies": {
        "@aws-sdk/node-config-provider": "3.226.0",
        "@aws-sdk/property-provider": "3.226.0",
        "@aws-sdk/types": "3.226.0",
        "@aws-sdk/url-parser": "3.226.0",
        "tslib": "^2.3.1"
      },
      "engines": {
        "node": ">=14.0.0"
      }
    },
    "node_modules/@aws-sdk/credential-provider-ini": {
      "version": "3.229.0",
      "resolved": "https://registry.npmjs.org/@aws-sdk/credential-provider-ini/-/credential-provider-ini-3.229.0.tgz",
      "integrity": "sha512-DbzsaUXoBYvImlWaJ+gRL0HPelDFcQylIc+JnciYuSPLE+wwL3IZRdzkyIOBYz68JwMHd8jGJf+PycbkATOqOw==",
      "dependencies": {
        "@aws-sdk/credential-provider-env": "3.226.0",
        "@aws-sdk/credential-provider-imds": "3.226.0",
        "@aws-sdk/credential-provider-sso": "3.229.0",
        "@aws-sdk/credential-provider-web-identity": "3.226.0",
        "@aws-sdk/property-provider": "3.226.0",
        "@aws-sdk/shared-ini-file-loader": "3.226.0",
        "@aws-sdk/types": "3.226.0",
        "tslib": "^2.3.1"
      },
      "engines": {
        "node": ">=14.0.0"
      }
    },
    "node_modules/@aws-sdk/credential-provider-node": {
      "version": "3.229.0",
      "resolved": "https://registry.npmjs.org/@aws-sdk/credential-provider-node/-/credential-provider-node-3.229.0.tgz",
      "integrity": "sha512-VIQ+eamKDqJ9ps4McSJGI0Bx57/NQ8WaU5dz1EOeluwM8LTK1i6aQeSzOcy+A66/b+pni1oIjAF7PfSsdEqdpA==",
      "dependencies": {
        "@aws-sdk/credential-provider-env": "3.226.0",
        "@aws-sdk/credential-provider-imds": "3.226.0",
        "@aws-sdk/credential-provider-ini": "3.229.0",
        "@aws-sdk/credential-provider-process": "3.226.0",
        "@aws-sdk/credential-provider-sso": "3.229.0",
        "@aws-sdk/credential-provider-web-identity": "3.226.0",
        "@aws-sdk/property-provider": "3.226.0",
        "@aws-sdk/shared-ini-file-loader": "3.226.0",
        "@aws-sdk/types": "3.226.0",
        "tslib": "^2.3.1"
      },
      "engines": {
        "node": ">=14.0.0"
      }
    },
    "node_modules/@aws-sdk/credential-provider-process": {
      "version": "3.226.0",
      "resolved": "https://registry.npmjs.org/@aws-sdk/credential-provider-process/-/credential-provider-process-3.226.0.tgz",
      "integrity": "sha512-iUDMdnrTvbvaCFhWwqyXrhvQ9+ojPqPqXhwZtY1X/Qaz+73S9gXBPJHZaZb2Ke0yKE1Ql3bJbKvmmxC/qLQMng==",
      "dependencies": {
        "@aws-sdk/property-provider": "3.226.0",
        "@aws-sdk/shared-ini-file-loader": "3.226.0",
        "@aws-sdk/types": "3.226.0",
        "tslib": "^2.3.1"
      },
      "engines": {
        "node": ">=14.0.0"
      }
    },
    "node_modules/@aws-sdk/credential-provider-sso": {
      "version": "3.229.0",
      "resolved": "https://registry.npmjs.org/@aws-sdk/credential-provider-sso/-/credential-provider-sso-3.229.0.tgz",
      "integrity": "sha512-RI9xjwp2NBJjm2bPOcTK7NwAxqzJxIZPjukVjidC2N3B1Ca5Gn+yUji2iYf7c9KavTROY80j/rieHMb14n7iSw==",
      "dependencies": {
        "@aws-sdk/client-sso": "3.229.0",
        "@aws-sdk/property-provider": "3.226.0",
        "@aws-sdk/shared-ini-file-loader": "3.226.0",
        "@aws-sdk/token-providers": "3.229.0",
        "@aws-sdk/types": "3.226.0",
        "tslib": "^2.3.1"
      },
      "engines": {
        "node": ">=14.0.0"
      }
    },
    "node_modules/@aws-sdk/credential-provider-web-identity": {
      "version": "3.226.0",
      "resolved": "https://registry.npmjs.org/@aws-sdk/credential-provider-web-identity/-/credential-provider-web-identity-3.226.0.tgz",
      "integrity": "sha512-CCpv847rLB0SFOHz2igvUMFAzeT2fD3YnY4C8jltuJoEkn0ITn1Hlgt13nTJ5BUuvyti2mvyXZHmNzhMIMrIlw==",
      "dependencies": {
        "@aws-sdk/property-provider": "3.226.0",
        "@aws-sdk/types": "3.226.0",
        "tslib": "^2.3.1"
      },
      "engines": {
        "node": ">=14.0.0"
      }
    },
    "node_modules/@aws-sdk/fetch-http-handler": {
      "version": "3.226.0",
      "resolved": "https://registry.npmjs.org/@aws-sdk/fetch-http-handler/-/fetch-http-handler-3.226.0.tgz",
      "integrity": "sha512-JewZPMNEBXfi1xVnRa7pVtK/zgZD8/lQ/YnD8pq79WuMa2cwyhDtr8oqCoqsPW+WJT5ScXoMtuHxN78l8eKWgg==",
      "dependencies": {
        "@aws-sdk/protocol-http": "3.226.0",
        "@aws-sdk/querystring-builder": "3.226.0",
        "@aws-sdk/types": "3.226.0",
        "@aws-sdk/util-base64": "3.208.0",
        "tslib": "^2.3.1"
      }
    },
    "node_modules/@aws-sdk/hash-node": {
      "version": "3.226.0",
      "resolved": "https://registry.npmjs.org/@aws-sdk/hash-node/-/hash-node-3.226.0.tgz",
      "integrity": "sha512-MdlJhJ9/Espwd0+gUXdZRsHuostB2WxEVAszWxobP0FTT9PnicqnfK7ExmW+DUAc0ywxtEbR3e0UND65rlSTVw==",
      "dependencies": {
        "@aws-sdk/types": "3.226.0",
        "@aws-sdk/util-buffer-from": "3.208.0",
        "tslib": "^2.3.1"
      },
      "engines": {
        "node": ">=14.0.0"
      }
    },
    "node_modules/@aws-sdk/invalid-dependency": {
      "version": "3.226.0",
      "resolved": "https://registry.npmjs.org/@aws-sdk/invalid-dependency/-/invalid-dependency-3.226.0.tgz",
      "integrity": "sha512-QXOYFmap8g9QzRjumcRCIo2GEZkdCwd7ePQW0OABWPhKHzlJ74vvBxywjU3s39EEBEluWXtZ7Iufg6GxZM4ifw==",
      "dependencies": {
        "@aws-sdk/types": "3.226.0",
        "tslib": "^2.3.1"
      }
    },
    "node_modules/@aws-sdk/is-array-buffer": {
      "version": "3.201.0",
      "resolved": "https://registry.npmjs.org/@aws-sdk/is-array-buffer/-/is-array-buffer-3.201.0.tgz",
      "integrity": "sha512-UPez5qLh3dNgt0DYnPD/q0mVJY84rA17QE26hVNOW3fAji8W2wrwrxdacWOxyXvlxWsVRcKmr+lay1MDqpAMfg==",
      "dependencies": {
        "tslib": "^2.3.1"
      },
      "engines": {
        "node": ">=14.0.0"
      }
    },
    "node_modules/@aws-sdk/middleware-content-length": {
      "version": "3.226.0",
      "resolved": "https://registry.npmjs.org/@aws-sdk/middleware-content-length/-/middleware-content-length-3.226.0.tgz",
      "integrity": "sha512-ksUzlHJN2JMuyavjA46a4sctvnrnITqt2tbGGWWrAuXY1mel2j+VbgnmJUiwHKUO6bTFBBeft5Vd1TSOb4JmiA==",
      "dependencies": {
        "@aws-sdk/protocol-http": "3.226.0",
        "@aws-sdk/types": "3.226.0",
        "tslib": "^2.3.1"
      },
      "engines": {
        "node": ">=14.0.0"
      }
    },
    "node_modules/@aws-sdk/middleware-endpoint": {
      "version": "3.226.0",
      "resolved": "https://registry.npmjs.org/@aws-sdk/middleware-endpoint/-/middleware-endpoint-3.226.0.tgz",
      "integrity": "sha512-EvLFafjtUxTT0AC9p3aBQu1/fjhWdIeK58jIXaNFONfZ3F8QbEYUPuF/SqZvJM6cWfOO9qwYKkRDbCSTYhprIg==",
      "dependencies": {
        "@aws-sdk/middleware-serde": "3.226.0",
        "@aws-sdk/protocol-http": "3.226.0",
        "@aws-sdk/signature-v4": "3.226.0",
        "@aws-sdk/types": "3.226.0",
        "@aws-sdk/url-parser": "3.226.0",
        "@aws-sdk/util-config-provider": "3.208.0",
        "@aws-sdk/util-middleware": "3.226.0",
        "tslib": "^2.3.1"
      },
      "engines": {
        "node": ">=14.0.0"
      }
    },
    "node_modules/@aws-sdk/middleware-host-header": {
      "version": "3.226.0",
      "resolved": "https://registry.npmjs.org/@aws-sdk/middleware-host-header/-/middleware-host-header-3.226.0.tgz",
      "integrity": "sha512-haVkWVh6BUPwKgWwkL6sDvTkcZWvJjv8AgC8jiQuSl8GLZdzHTB8Qhi3IsfFta9HAuoLjxheWBE5Z/L0UrfhLA==",
      "dependencies": {
        "@aws-sdk/protocol-http": "3.226.0",
        "@aws-sdk/types": "3.226.0",
        "tslib": "^2.3.1"
      },
      "engines": {
        "node": ">=14.0.0"
      }
    },
    "node_modules/@aws-sdk/middleware-logger": {
      "version": "3.226.0",
      "resolved": "https://registry.npmjs.org/@aws-sdk/middleware-logger/-/middleware-logger-3.226.0.tgz",
      "integrity": "sha512-m9gtLrrYnpN6yckcQ09rV7ExWOLMuq8mMPF/K3DbL/YL0TuILu9i2T1W+JuxSX+K9FMG2HrLAKivE/kMLr55xA==",
      "dependencies": {
        "@aws-sdk/types": "3.226.0",
        "tslib": "^2.3.1"
      },
      "engines": {
        "node": ">=14.0.0"
      }
    },
    "node_modules/@aws-sdk/middleware-recursion-detection": {
      "version": "3.226.0",
      "resolved": "https://registry.npmjs.org/@aws-sdk/middleware-recursion-detection/-/middleware-recursion-detection-3.226.0.tgz",
      "integrity": "sha512-mwRbdKEUeuNH5TEkyZ5FWxp6bL2UC1WbY+LDv6YjHxmSMKpAoOueEdtU34PqDOLrpXXxIGHDFmjeGeMfktyEcA==",
      "dependencies": {
        "@aws-sdk/protocol-http": "3.226.0",
        "@aws-sdk/types": "3.226.0",
        "tslib": "^2.3.1"
      },
      "engines": {
        "node": ">=14.0.0"
      }
    },
    "node_modules/@aws-sdk/middleware-retry": {
      "version": "3.229.0",
      "resolved": "https://registry.npmjs.org/@aws-sdk/middleware-retry/-/middleware-retry-3.229.0.tgz",
      "integrity": "sha512-/y0BWio9b2RRH2QvRTohbuqE0vhH4IZKlc6k+JRbGV9aSwyOzACU/L/qkGftC/W0puvgNvZYjGxmB6cGHAEZaw==",
      "dependencies": {
        "@aws-sdk/protocol-http": "3.226.0",
        "@aws-sdk/service-error-classification": "3.229.0",
        "@aws-sdk/types": "3.226.0",
        "@aws-sdk/util-middleware": "3.226.0",
        "tslib": "^2.3.1",
        "uuid": "^8.3.2"
      },
      "engines": {
        "node": ">=14.0.0"
      }
    },
    "node_modules/@aws-sdk/middleware-sdk-sts": {
      "version": "3.226.0",
      "resolved": "https://registry.npmjs.org/@aws-sdk/middleware-sdk-sts/-/middleware-sdk-sts-3.226.0.tgz",
      "integrity": "sha512-NN9T/qoSD1kZvAT+VLny3NnlqgylYQcsgV3rvi/8lYzw/G/2s8VS6sm/VTWGGZhx08wZRv20MWzYu3bftcyqUg==",
      "dependencies": {
        "@aws-sdk/middleware-signing": "3.226.0",
        "@aws-sdk/property-provider": "3.226.0",
        "@aws-sdk/protocol-http": "3.226.0",
        "@aws-sdk/signature-v4": "3.226.0",
        "@aws-sdk/types": "3.226.0",
        "tslib": "^2.3.1"
      },
      "engines": {
        "node": ">=14.0.0"
      }
    },
    "node_modules/@aws-sdk/middleware-serde": {
      "version": "3.226.0",
      "resolved": "https://registry.npmjs.org/@aws-sdk/middleware-serde/-/middleware-serde-3.226.0.tgz",
      "integrity": "sha512-nPuOOAkSfx9TxzdKFx0X2bDlinOxGrqD7iof926K/AEflxGD1DBdcaDdjlYlPDW2CVE8LV/rAgbYuLxh/E/1VA==",
      "dependencies": {
        "@aws-sdk/types": "3.226.0",
        "tslib": "^2.3.1"
      },
      "engines": {
        "node": ">=14.0.0"
      }
    },
    "node_modules/@aws-sdk/middleware-signing": {
      "version": "3.226.0",
      "resolved": "https://registry.npmjs.org/@aws-sdk/middleware-signing/-/middleware-signing-3.226.0.tgz",
      "integrity": "sha512-E6HmtPcl+IjYDDzi1xI2HpCbBq2avNWcjvCriMZWuTAtRVpnA6XDDGW5GY85IfS3A8G8vuWqEVPr8JcYUcjfew==",
      "dependencies": {
        "@aws-sdk/property-provider": "3.226.0",
        "@aws-sdk/protocol-http": "3.226.0",
        "@aws-sdk/signature-v4": "3.226.0",
        "@aws-sdk/types": "3.226.0",
        "@aws-sdk/util-middleware": "3.226.0",
        "tslib": "^2.3.1"
      },
      "engines": {
        "node": ">=14.0.0"
      }
    },
    "node_modules/@aws-sdk/middleware-stack": {
      "version": "3.226.0",
      "resolved": "https://registry.npmjs.org/@aws-sdk/middleware-stack/-/middleware-stack-3.226.0.tgz",
      "integrity": "sha512-85wF29LvPvpoed60fZGDYLwv1Zpd/cM0C22WSSFPw1SSJeqO4gtFYyCg2squfT3KI6kF43IIkOCJ+L7GtryPug==",
      "dependencies": {
        "tslib": "^2.3.1"
      },
      "engines": {
        "node": ">=14.0.0"
      }
    },
    "node_modules/@aws-sdk/middleware-user-agent": {
      "version": "3.226.0",
      "resolved": "https://registry.npmjs.org/@aws-sdk/middleware-user-agent/-/middleware-user-agent-3.226.0.tgz",
      "integrity": "sha512-N1WnfzCW1Y5yWhVAphf8OPGTe8Df3vmV7/LdsoQfmpkCZgLZeK2o0xITkUQhRj1mbw7yp8tVFLFV3R2lMurdAQ==",
      "dependencies": {
        "@aws-sdk/protocol-http": "3.226.0",
        "@aws-sdk/types": "3.226.0",
        "tslib": "^2.3.1"
      },
      "engines": {
        "node": ">=14.0.0"
      }
    },
    "node_modules/@aws-sdk/node-config-provider": {
      "version": "3.226.0",
      "resolved": "https://registry.npmjs.org/@aws-sdk/node-config-provider/-/node-config-provider-3.226.0.tgz",
      "integrity": "sha512-B8lQDqiRk7X5izFEUMXmi8CZLOKCTWQJU9HQf3ako+sF0gexo4nHN3jhoRWyLtcgC5S3on/2jxpAcqtm7kuY3w==",
      "dependencies": {
        "@aws-sdk/property-provider": "3.226.0",
        "@aws-sdk/shared-ini-file-loader": "3.226.0",
        "@aws-sdk/types": "3.226.0",
        "tslib": "^2.3.1"
      },
      "engines": {
        "node": ">=14.0.0"
      }
    },
    "node_modules/@aws-sdk/node-http-handler": {
      "version": "3.226.0",
      "resolved": "https://registry.npmjs.org/@aws-sdk/node-http-handler/-/node-http-handler-3.226.0.tgz",
      "integrity": "sha512-xQCddnZNMiPmjr3W7HYM+f5ir4VfxgJh37eqZwX6EZmyItFpNNeVzKUgA920ka1VPz/ZUYB+2OFGiX3LCLkkaA==",
      "dependencies": {
        "@aws-sdk/abort-controller": "3.226.0",
        "@aws-sdk/protocol-http": "3.226.0",
        "@aws-sdk/querystring-builder": "3.226.0",
        "@aws-sdk/types": "3.226.0",
        "tslib": "^2.3.1"
      },
      "engines": {
        "node": ">=14.0.0"
      }
    },
    "node_modules/@aws-sdk/property-provider": {
      "version": "3.226.0",
      "resolved": "https://registry.npmjs.org/@aws-sdk/property-provider/-/property-provider-3.226.0.tgz",
      "integrity": "sha512-TsljjG+Sg0LmdgfiAlWohluWKnxB/k8xenjeozZfzOr5bHmNHtdbWv6BtNvD/R83hw7SFXxbJHlD5H4u9p2NFg==",
      "dependencies": {
        "@aws-sdk/types": "3.226.0",
        "tslib": "^2.3.1"
      },
      "engines": {
        "node": ">=14.0.0"
      }
    },
    "node_modules/@aws-sdk/protocol-http": {
      "version": "3.226.0",
      "resolved": "https://registry.npmjs.org/@aws-sdk/protocol-http/-/protocol-http-3.226.0.tgz",
      "integrity": "sha512-zWkVqiTA9RXL6y0hhfZc9bcU4DX2NI6Hw9IhQmSPeM59mdbPjJlY4bLlMr5YxywqO3yQ/ylNoAfrEzrDjlOSRg==",
      "dependencies": {
        "@aws-sdk/types": "3.226.0",
        "tslib": "^2.3.1"
      },
      "engines": {
        "node": ">=14.0.0"
      }
    },
    "node_modules/@aws-sdk/querystring-builder": {
      "version": "3.226.0",
      "resolved": "https://registry.npmjs.org/@aws-sdk/querystring-builder/-/querystring-builder-3.226.0.tgz",
      "integrity": "sha512-LVurypuNeotO4lmirKXRC4NYrZRAyMJXuwO0f2a5ZAUJCjauwYrifKue6yCfU7bls7gut7nfcR6B99WBYpHs3g==",
      "dependencies": {
        "@aws-sdk/types": "3.226.0",
        "@aws-sdk/util-uri-escape": "3.201.0",
        "tslib": "^2.3.1"
      },
      "engines": {
        "node": ">=14.0.0"
      }
    },
    "node_modules/@aws-sdk/querystring-parser": {
      "version": "3.226.0",
      "resolved": "https://registry.npmjs.org/@aws-sdk/querystring-parser/-/querystring-parser-3.226.0.tgz",
      "integrity": "sha512-FzB+VrQ47KAFxiPt2YXrKZ8AOLZQqGTLCKHzx4bjxGmwgsjV8yIbtJiJhZLMcUQV4LtGeIY9ixIqQhGvnZHE4A==",
      "dependencies": {
        "@aws-sdk/types": "3.226.0",
        "tslib": "^2.3.1"
      },
      "engines": {
        "node": ">=14.0.0"
      }
    },
    "node_modules/@aws-sdk/service-error-classification": {
      "version": "3.229.0",
      "resolved": "https://registry.npmjs.org/@aws-sdk/service-error-classification/-/service-error-classification-3.229.0.tgz",
      "integrity": "sha512-dnzWWQ0/NoWMUZ5C0DW3dPm0wC1O76Y/SpKbuJzWPkx1EYy6r8p32Ly4D9vUzrKDbRGf48YHIF2kOkBmu21CLg==",
      "engines": {
        "node": ">=14.0.0"
      }
    },
    "node_modules/@aws-sdk/shared-ini-file-loader": {
      "version": "3.226.0",
      "resolved": "https://registry.npmjs.org/@aws-sdk/shared-ini-file-loader/-/shared-ini-file-loader-3.226.0.tgz",
      "integrity": "sha512-661VQefsARxVyyV2FX9V61V+nNgImk7aN2hYlFKla6BCwZfMng+dEtD0xVGyg1PfRw0qvEv5LQyxMVgHcUSevA==",
      "dependencies": {
        "@aws-sdk/types": "3.226.0",
        "tslib": "^2.3.1"
      },
      "engines": {
        "node": ">=14.0.0"
      }
    },
    "node_modules/@aws-sdk/signature-v4": {
      "version": "3.226.0",
      "resolved": "https://registry.npmjs.org/@aws-sdk/signature-v4/-/signature-v4-3.226.0.tgz",
      "integrity": "sha512-/R5q5agdPd7HJB68XMzpxrNPk158EHUvkFkuRu5Qf3kkkHebEzWEBlWoVpUe6ss4rP9Tqcue6xPuaftEmhjpYw==",
      "dependencies": {
        "@aws-sdk/is-array-buffer": "3.201.0",
        "@aws-sdk/types": "3.226.0",
        "@aws-sdk/util-hex-encoding": "3.201.0",
        "@aws-sdk/util-middleware": "3.226.0",
        "@aws-sdk/util-uri-escape": "3.201.0",
        "tslib": "^2.3.1"
      },
      "engines": {
        "node": ">=14.0.0"
      }
    },
    "node_modules/@aws-sdk/smithy-client": {
      "version": "3.226.0",
      "resolved": "https://registry.npmjs.org/@aws-sdk/smithy-client/-/smithy-client-3.226.0.tgz",
      "integrity": "sha512-BWr1FhWSUhkSBp0TLzliD5AQBjA2Jmo9FlOOt+cBwd9BKkSGlGj+HgATYJ83Sjjg2+J6qvEZBxB78LKVHhorBw==",
      "dependencies": {
        "@aws-sdk/middleware-stack": "3.226.0",
        "@aws-sdk/types": "3.226.0",
        "tslib": "^2.3.1"
      },
      "engines": {
        "node": ">=14.0.0"
      }
    },
    "node_modules/@aws-sdk/token-providers": {
      "version": "3.229.0",
      "resolved": "https://registry.npmjs.org/@aws-sdk/token-providers/-/token-providers-3.229.0.tgz",
      "integrity": "sha512-LmB40GDKch3LUfTOC6r2fWQoMYrvXoO9eN3TE0eVTWi/p8xCaROcnwb5pWe3mCCrKVygA4XZXSXkUO3DZhJL3w==",
      "dependencies": {
        "@aws-sdk/client-sso-oidc": "3.229.0",
        "@aws-sdk/property-provider": "3.226.0",
        "@aws-sdk/shared-ini-file-loader": "3.226.0",
        "@aws-sdk/types": "3.226.0",
        "tslib": "^2.3.1"
      },
      "engines": {
        "node": ">=14.0.0"
      }
    },
    "node_modules/@aws-sdk/types": {
      "version": "3.226.0",
      "resolved": "https://registry.npmjs.org/@aws-sdk/types/-/types-3.226.0.tgz",
      "integrity": "sha512-MmmNHrWeO4man7wpOwrAhXlevqtOV9ZLcH4RhnG5LmRce0RFOApx24HoKENfFCcOyCm5LQBlsXCqi0dZWDWU0A==",
      "dependencies": {
        "tslib": "^2.3.1"
      },
      "engines": {
        "node": ">=14.0.0"
      }
    },
    "node_modules/@aws-sdk/url-parser": {
      "version": "3.226.0",
      "resolved": "https://registry.npmjs.org/@aws-sdk/url-parser/-/url-parser-3.226.0.tgz",
      "integrity": "sha512-p5RLE0QWyP0OcTOLmFcLdVgUcUEzmEfmdrnOxyNzomcYb0p3vUagA5zfa1HVK2azsQJFBv28GfvMnba9bGhObg==",
      "dependencies": {
        "@aws-sdk/querystring-parser": "3.226.0",
        "@aws-sdk/types": "3.226.0",
        "tslib": "^2.3.1"
      }
    },
    "node_modules/@aws-sdk/util-base64": {
      "version": "3.208.0",
      "resolved": "https://registry.npmjs.org/@aws-sdk/util-base64/-/util-base64-3.208.0.tgz",
      "integrity": "sha512-PQniZph5A6N7uuEOQi+1hnMz/FSOK/8kMFyFO+4DgA1dZ5pcKcn5wiFwHkcTb/BsgVqQa3Jx0VHNnvhlS8JyTg==",
      "dependencies": {
        "@aws-sdk/util-buffer-from": "3.208.0",
        "tslib": "^2.3.1"
      },
      "engines": {
        "node": ">=14.0.0"
      }
    },
    "node_modules/@aws-sdk/util-body-length-browser": {
      "version": "3.188.0",
      "resolved": "https://registry.npmjs.org/@aws-sdk/util-body-length-browser/-/util-body-length-browser-3.188.0.tgz",
      "integrity": "sha512-8VpnwFWXhnZ/iRSl9mTf+VKOX9wDE8QtN4bj9pBfxwf90H1X7E8T6NkiZD3k+HubYf2J94e7DbeHs7fuCPW5Qg==",
      "dependencies": {
        "tslib": "^2.3.1"
      }
    },
    "node_modules/@aws-sdk/util-body-length-node": {
      "version": "3.208.0",
      "resolved": "https://registry.npmjs.org/@aws-sdk/util-body-length-node/-/util-body-length-node-3.208.0.tgz",
      "integrity": "sha512-3zj50e5g7t/MQf53SsuuSf0hEELzMtD8RX8C76f12OSRo2Bca4FLLYHe0TZbxcfQHom8/hOaeZEyTyMogMglqg==",
      "dependencies": {
        "tslib": "^2.3.1"
      },
      "engines": {
        "node": ">=14.0.0"
      }
    },
    "node_modules/@aws-sdk/util-buffer-from": {
      "version": "3.208.0",
      "resolved": "https://registry.npmjs.org/@aws-sdk/util-buffer-from/-/util-buffer-from-3.208.0.tgz",
      "integrity": "sha512-7L0XUixNEFcLUGPeBF35enCvB9Xl+K6SQsmbrPk1P3mlV9mguWSDQqbOBwY1Ir0OVbD6H/ZOQU7hI/9RtRI0Zw==",
      "dependencies": {
        "@aws-sdk/is-array-buffer": "3.201.0",
        "tslib": "^2.3.1"
      },
      "engines": {
        "node": ">=14.0.0"
      }
    },
    "node_modules/@aws-sdk/util-config-provider": {
      "version": "3.208.0",
      "resolved": "https://registry.npmjs.org/@aws-sdk/util-config-provider/-/util-config-provider-3.208.0.tgz",
      "integrity": "sha512-DSRqwrERUsT34ug+anlMBIFooBEGwM8GejC7q00Y/9IPrQy50KnG5PW2NiTjuLKNi7pdEOlwTSEocJE15eDZIg==",
      "dependencies": {
        "tslib": "^2.3.1"
      },
      "engines": {
        "node": ">=14.0.0"
      }
    },
    "node_modules/@aws-sdk/util-defaults-mode-browser": {
      "version": "3.226.0",
      "resolved": "https://registry.npmjs.org/@aws-sdk/util-defaults-mode-browser/-/util-defaults-mode-browser-3.226.0.tgz",
      "integrity": "sha512-chLx+6AeMSjuPsCVbI1B4Pg3jftjjcsuTsJucjo0DKBb1VSWqPCitmOILQVvKiA2Km8TSs3VcbUuOCyDExkzAg==",
      "dependencies": {
        "@aws-sdk/property-provider": "3.226.0",
        "@aws-sdk/types": "3.226.0",
        "bowser": "^2.11.0",
        "tslib": "^2.3.1"
      },
      "engines": {
        "node": ">= 10.0.0"
      }
    },
    "node_modules/@aws-sdk/util-defaults-mode-node": {
      "version": "3.226.0",
      "resolved": "https://registry.npmjs.org/@aws-sdk/util-defaults-mode-node/-/util-defaults-mode-node-3.226.0.tgz",
      "integrity": "sha512-Zr0AEj6g8gqiOhr31Pa2tdOFdPQciaAUCg3Uj/eH0znNBdVoptCj67oCW/I5v4pY4ZLZtGhr3uuoxDJH2MB3yg==",
      "dependencies": {
        "@aws-sdk/config-resolver": "3.226.0",
        "@aws-sdk/credential-provider-imds": "3.226.0",
        "@aws-sdk/node-config-provider": "3.226.0",
        "@aws-sdk/property-provider": "3.226.0",
        "@aws-sdk/types": "3.226.0",
        "tslib": "^2.3.1"
      },
      "engines": {
        "node": ">= 10.0.0"
      }
    },
    "node_modules/@aws-sdk/util-endpoints": {
      "version": "3.226.0",
      "resolved": "https://registry.npmjs.org/@aws-sdk/util-endpoints/-/util-endpoints-3.226.0.tgz",
      "integrity": "sha512-iqOkac/zLmyPBUJd7SLN0PeZMkOmlGgD5PHmmekTClOkce2eUjK9SNX1PzL73aXPoPTyhg9QGLH8uEZEQ8YUzg==",
      "dependencies": {
        "@aws-sdk/types": "3.226.0",
        "tslib": "^2.3.1"
      },
      "engines": {
        "node": ">=14.0.0"
      }
    },
    "node_modules/@aws-sdk/util-hex-encoding": {
      "version": "3.201.0",
      "resolved": "https://registry.npmjs.org/@aws-sdk/util-hex-encoding/-/util-hex-encoding-3.201.0.tgz",
      "integrity": "sha512-7t1vR1pVxKx0motd3X9rI3m/xNp78p3sHtP5yo4NP4ARpxyJ0fokBomY8ScaH2D/B+U5o9ARxldJUdMqyBlJcA==",
      "dependencies": {
        "tslib": "^2.3.1"
      },
      "engines": {
        "node": ">=14.0.0"
      }
    },
    "node_modules/@aws-sdk/util-locate-window": {
      "version": "3.208.0",
      "resolved": "https://registry.npmjs.org/@aws-sdk/util-locate-window/-/util-locate-window-3.208.0.tgz",
      "integrity": "sha512-iua1A2+P7JJEDHVgvXrRJSvsnzG7stYSGQnBVphIUlemwl6nN5D+QrgbjECtrbxRz8asYFHSzhdhECqN+tFiBg==",
      "dependencies": {
        "tslib": "^2.3.1"
      },
      "engines": {
        "node": ">=14.0.0"
      }
    },
    "node_modules/@aws-sdk/util-middleware": {
      "version": "3.226.0",
      "resolved": "https://registry.npmjs.org/@aws-sdk/util-middleware/-/util-middleware-3.226.0.tgz",
      "integrity": "sha512-B96CQnwX4gRvQdaQkdUtqvDPkrptV5+va6FVeJOocU/DbSYMAScLxtR3peMS8cnlOT6nL1Eoa42OI9AfZz1VwQ==",
      "dependencies": {
        "tslib": "^2.3.1"
      },
      "engines": {
        "node": ">=14.0.0"
      }
    },
    "node_modules/@aws-sdk/util-retry": {
      "version": "3.229.0",
      "resolved": "https://registry.npmjs.org/@aws-sdk/util-retry/-/util-retry-3.229.0.tgz",
      "integrity": "sha512-0zKTqi0P1inD0LzIMuXRIYYQ/8c1lWMg/cfiqUcIAF1TpatlpZuN7umU0ierpBFud7S+zDgg0oemh+Nj8xliJw==",
      "dependencies": {
        "@aws-sdk/service-error-classification": "3.229.0",
        "tslib": "^2.3.1"
      },
      "engines": {
        "node": ">= 14.0.0"
      }
    },
    "node_modules/@aws-sdk/util-uri-escape": {
      "version": "3.201.0",
      "resolved": "https://registry.npmjs.org/@aws-sdk/util-uri-escape/-/util-uri-escape-3.201.0.tgz",
      "integrity": "sha512-TeTWbGx4LU2c5rx0obHeDFeO9HvwYwQtMh1yniBz00pQb6Qt6YVOETVQikRZ+XRQwEyCg/dA375UplIpiy54mA==",
      "dependencies": {
        "tslib": "^2.3.1"
      },
      "engines": {
        "node": ">=14.0.0"
      }
    },
    "node_modules/@aws-sdk/util-user-agent-browser": {
      "version": "3.226.0",
      "resolved": "https://registry.npmjs.org/@aws-sdk/util-user-agent-browser/-/util-user-agent-browser-3.226.0.tgz",
      "integrity": "sha512-PhBIu2h6sPJPcv2I7ELfFizdl5pNiL4LfxrasMCYXQkJvVnoXztHA1x+CQbXIdtZOIlpjC+6BjDcE0uhnpvfcA==",
      "dependencies": {
        "@aws-sdk/types": "3.226.0",
        "bowser": "^2.11.0",
        "tslib": "^2.3.1"
      }
    },
    "node_modules/@aws-sdk/util-user-agent-node": {
      "version": "3.226.0",
      "resolved": "https://registry.npmjs.org/@aws-sdk/util-user-agent-node/-/util-user-agent-node-3.226.0.tgz",
      "integrity": "sha512-othPc5Dz/pkYkxH+nZPhc1Al0HndQT8zHD4e9h+EZ+8lkd8n+IsnLfTS/mSJWrfiC6UlNRVw55cItstmJyMe/A==",
      "dependencies": {
        "@aws-sdk/node-config-provider": "3.226.0",
        "@aws-sdk/types": "3.226.0",
        "tslib": "^2.3.1"
      },
      "engines": {
        "node": ">=14.0.0"
      },
      "peerDependencies": {
        "aws-crt": ">=1.0.0"
      },
      "peerDependenciesMeta": {
        "aws-crt": {
          "optional": true
        }
      }
    },
    "node_modules/@aws-sdk/util-utf8-browser": {
      "version": "3.188.0",
      "resolved": "https://registry.npmjs.org/@aws-sdk/util-utf8-browser/-/util-utf8-browser-3.188.0.tgz",
      "integrity": "sha512-jt627x0+jE+Ydr9NwkFstg3cUvgWh56qdaqAMDsqgRlKD21md/6G226z/Qxl7lb1VEW2LlmCx43ai/37Qwcj2Q==",
      "dependencies": {
        "tslib": "^2.3.1"
      }
    },
    "node_modules/@aws-sdk/util-utf8-node": {
      "version": "3.208.0",
      "resolved": "https://registry.npmjs.org/@aws-sdk/util-utf8-node/-/util-utf8-node-3.208.0.tgz",
      "integrity": "sha512-jKY87Acv0yWBdFxx6bveagy5FYjz+dtV8IPT7ay1E2WPWH1czoIdMAkc8tSInK31T6CRnHWkLZ1qYwCbgRfERQ==",
      "dependencies": {
        "@aws-sdk/util-buffer-from": "3.208.0",
        "tslib": "^2.3.1"
      },
      "engines": {
        "node": ">=14.0.0"
      }
    },
    "node_modules/@aws-sdk/util-waiter": {
      "version": "3.226.0",
      "resolved": "https://registry.npmjs.org/@aws-sdk/util-waiter/-/util-waiter-3.226.0.tgz",
      "integrity": "sha512-qYQMRxnu5k8qQihJXoIWMkBOj0+XkHHj/drLdbRnwL6ni6NcG8++cs9M3DSjIcxmxgF/7SLpDjn1H3sC7cYo4g==",
      "dependencies": {
        "@aws-sdk/abort-controller": "3.226.0",
        "@aws-sdk/types": "3.226.0",
        "tslib": "^2.3.1"
      },
      "engines": {
        "node": ">=14.0.0"
      }
    },
    "node_modules/bowser": {
      "version": "2.11.0",
      "resolved": "https://registry.npmjs.org/bowser/-/bowser-2.11.0.tgz",
      "integrity": "sha512-AlcaJBi/pqqJBIQ8U9Mcpc9i8Aqxn88Skv5d+xBX006BY5u8N3mGLHa5Lgppa7L/HfwgwLgZ6NYs+Ag6uUmJRA=="
    },
    "node_modules/fast-xml-parser": {
      "version": "4.0.11",
      "resolved": "https://registry.npmjs.org/fast-xml-parser/-/fast-xml-parser-4.0.11.tgz",
      "integrity": "sha512-4aUg3aNRR/WjQAcpceODG1C3x3lFANXRo8+1biqfieHmg9pyMt7qB4lQV/Ta6sJCTbA5vfD8fnA8S54JATiFUA==",
      "dependencies": {
        "strnum": "^1.0.5"
      },
      "bin": {
        "fxparser": "src/cli/cli.js"
      },
      "funding": {
        "type": "paypal",
        "url": "https://paypal.me/naturalintelligence"
      }
    },
    "node_modules/strnum": {
      "version": "1.0.5",
      "resolved": "https://registry.npmjs.org/strnum/-/strnum-1.0.5.tgz",
      "integrity": "sha512-J8bbNyKKXl5qYcR36TIO8W3mVGVHrmmxsd5PAItGkmyzwJvybiw2IVq5nqd0i4LSNSkB/sx9VHllbfFdr9k1JA=="
    },
    "node_modules/tslib": {
      "version": "2.4.1",
      "resolved": "https://registry.npmjs.org/tslib/-/tslib-2.4.1.tgz",
      "integrity": "sha512-tGyy4dAjRIEwI7BzsB0lynWgOpfqjUdq91XXAlIWD2OwKBH7oCl/GZG/HT4BOHrTlPMOASlMQ7veyTqpmRcrNA=="
    },
    "node_modules/uuid": {
      "version": "8.3.2",
      "resolved": "https://registry.npmjs.org/uuid/-/uuid-8.3.2.tgz",
      "integrity": "sha512-+NYs2QeMWy+GWFOEm9xnn6HCDp0l7QBD7ml8zLUmJ+93Q5NF0NocErnwkTkXVFNiX3/fpC6afS8Dhb/gz7R7eg==",
      "bin": {
        "uuid": "dist/bin/uuid"
      }
    }
  }
}
