# THIS IS AN AUTOGENERATED FILE. DO NOT EDIT THIS FILE DIRECTLY.
# yarn lockfile v1


"@apollo/protobufjs@^1.0.3":
  version "1.0.5"
  resolved "https://registry.yarnpkg.com/@apollo/protobufjs/-/protobufjs-1.0.5.tgz#a78b726147efc0795e74c8cb8a11aafc6e02f773"
  integrity sha512-ZtyaBH1icCgqwIGb3zrtopV2D5Q8yxibkJzlaViM08eOhTQc7rACdYu0pfORFfhllvdMZ3aq69vifYHszY4gNA==
  dependencies:
    "@protobufjs/aspromise" "^1.1.2"
    "@protobufjs/base64" "^1.1.2"
    "@protobufjs/codegen" "^2.0.4"
    "@protobufjs/eventemitter" "^1.1.0"
    "@protobufjs/fetch" "^1.1.0"
    "@protobufjs/float" "^1.0.2"
    "@protobufjs/inquire" "^1.1.0"
    "@protobufjs/path" "^1.1.2"
    "@protobufjs/pool" "^1.1.0"
    "@protobufjs/utf8" "^1.1.0"
    "@types/long" "^4.0.0"
    "@types/node" "^10.1.0"
    long "^4.0.0"

"@apollographql/apollo-tools@^0.4.3":
  version "0.4.8"
  resolved "https://registry.yarnpkg.com/@apollographql/apollo-tools/-/apollo-tools-0.4.8.tgz#d81da89ee880c2345eb86bddb92b35291f6135ed"
  integrity sha512-W2+HB8Y7ifowcf3YyPHgDI05izyRtOeZ4MqIr7LbTArtmJ0ZHULWpn84SGMW7NAvTV1tFExpHlveHhnXuJfuGA==
  dependencies:
    apollo-env "^0.6.5"

"@apollographql/graphql-playground-html@1.6.26":
  version "1.6.26"
  resolved "https://registry.yarnpkg.com/@apollographql/graphql-playground-html/-/graphql-playground-html-1.6.26.tgz#2f7b610392e2a872722912fc342b43cf8d641cb3"
  integrity sha512-XAwXOIab51QyhBxnxySdK3nuMEUohhDsHQ5Rbco/V1vjlP75zZ0ZLHD9dTpXTN8uxKxopb2lUvJTq+M4g2Q0HQ==
  dependencies:
    xss "^1.0.6"

"@protobufjs/aspromise@^1.1.1", "@protobufjs/aspromise@^1.1.2":
  version "1.1.2"
  resolved "https://registry.yarnpkg.com/@protobufjs/aspromise/-/aspromise-1.1.2.tgz#9b8b0cc663d669a7d8f6f5d0893a14d348f30fbf"
  integrity sha1-m4sMxmPWaafY9vXQiToU00jzD78=

"@protobufjs/base64@^1.1.2":
  version "1.1.2"
  resolved "https://registry.yarnpkg.com/@protobufjs/base64/-/base64-1.1.2.tgz#4c85730e59b9a1f1f349047dbf24296034bb2735"
  integrity sha512-AZkcAA5vnN/v4PDqKyMR5lx7hZttPDgClv83E//FMNhR2TMcLUhfRUBHCmSl0oi9zMgDDqRUJkSxO3wm85+XLg==

"@protobufjs/codegen@^2.0.4":
  version "2.0.4"
  resolved "https://registry.yarnpkg.com/@protobufjs/codegen/-/codegen-2.0.4.tgz#7ef37f0d010fb028ad1ad59722e506d9262815cb"
  integrity sha512-YyFaikqM5sH0ziFZCN3xDC7zeGaB/d0IUb9CATugHWbd1FRFwWwt4ld4OYMPWu5a3Xe01mGAULCdqhMlPl29Jg==

"@protobufjs/eventemitter@^1.1.0":
  version "1.1.0"
  resolved "https://registry.yarnpkg.com/@protobufjs/eventemitter/-/eventemitter-1.1.0.tgz#355cbc98bafad5978f9ed095f397621f1d066b70"
  integrity sha1-NVy8mLr61ZePntCV85diHx0Ga3A=

"@protobufjs/fetch@^1.1.0":
  version "1.1.0"
  resolved "https://registry.yarnpkg.com/@protobufjs/fetch/-/fetch-1.1.0.tgz#ba99fb598614af65700c1619ff06d454b0d84c45"
  integrity sha1-upn7WYYUr2VwDBYZ/wbUVLDYTEU=
  dependencies:
    "@protobufjs/aspromise" "^1.1.1"
    "@protobufjs/inquire" "^1.1.0"

"@protobufjs/float@^1.0.2":
  version "1.0.2"
  resolved "https://registry.yarnpkg.com/@protobufjs/float/-/float-1.0.2.tgz#5e9e1abdcb73fc0a7cb8b291df78c8cbd97b87d1"
  integrity sha1-Xp4avctz/Ap8uLKR33jIy9l7h9E=

"@protobufjs/inquire@^1.1.0":
  version "1.1.0"
  resolved "https://registry.yarnpkg.com/@protobufjs/inquire/-/inquire-1.1.0.tgz#ff200e3e7cf2429e2dcafc1140828e8cc638f089"
  integrity sha1-/yAOPnzyQp4tyvwRQIKOjMY48Ik=

"@protobufjs/path@^1.1.2":
  version "1.1.2"
  resolved "https://registry.yarnpkg.com/@protobufjs/path/-/path-1.1.2.tgz#6cc2b20c5c9ad6ad0dccfd21ca7673d8d7fbf68d"
  integrity sha1-bMKyDFya1q0NzP0hynZz2Nf79o0=

"@protobufjs/pool@^1.1.0":
  version "1.1.0"
  resolved "https://registry.yarnpkg.com/@protobufjs/pool/-/pool-1.1.0.tgz#09fd15f2d6d3abfa9b65bc366506d6ad7846ff54"
  integrity sha1-Cf0V8tbTq/qbZbw2ZQbWrXhG/1Q=

"@protobufjs/utf8@^1.1.0":
  version "1.1.0"
  resolved "https://registry.yarnpkg.com/@protobufjs/utf8/-/utf8-1.1.0.tgz#a777360b5b39a1a2e5106f8e858f2fd2d060c570"
  integrity sha1-p3c2C1s5oaLlEG+OhY8v0tBgxXA=

"@types/accepts@*":
  version "1.3.5"
  resolved "https://registry.yarnpkg.com/@types/accepts/-/accepts-1.3.5.tgz#c34bec115cfc746e04fe5a059df4ce7e7b391575"
  integrity sha512-jOdnI/3qTpHABjM5cx1Hc0sKsPoYCp+DP/GJRGtDlPd7fiV9oXGGIcjW/ZOxLIvjGz8MA+uMZI9metHlgqbgwQ==
  dependencies:
    "@types/node" "*"

"@types/aws-lambda@^8.10.31":
  version "8.10.62"
  resolved "https://registry.yarnpkg.com/@types/aws-lambda/-/aws-lambda-8.10.62.tgz#857de3f73ab503136f2eefe965b1b67e5f397b62"
  integrity sha512-43XhJY5jvyH03U0cRsSqeHWhvmGZNoLzTPSAZ3JAqgG9p20uw+Sx9Auk5OAefJajd9ZcfjDJ/9lJ2BiBxfKJRw==

"@types/body-parser@*":
  version "1.19.0"
  resolved "https://registry.yarnpkg.com/@types/body-parser/-/body-parser-1.19.0.tgz#0685b3c47eb3006ffed117cdd55164b61f80538f"
  integrity sha512-W98JrE0j2K78swW4ukqMleo8R7h/pFETjM2DQ90MF6XK2i4LO4W3gQ71Lt4w3bfm2EvVSyWHplECvB5sK22yFQ==
  dependencies:
    "@types/connect" "*"
    "@types/node" "*"

"@types/connect@*":
  version "3.4.33"
  resolved "https://registry.yarnpkg.com/@types/connect/-/connect-3.4.33.tgz#31610c901eca573b8713c3330abc6e6b9f588546"
  integrity sha512-2+FrkXY4zllzTNfJth7jOqEHC+enpLeGslEhpnTAkg21GkRrWV4SsAtqchtT4YS9/nODBU2/ZfsBY2X4J/dX7A==
  dependencies:
    "@types/node" "*"

"@types/content-disposition@*":
  version "0.5.3"
  resolved "https://registry.yarnpkg.com/@types/content-disposition/-/content-disposition-0.5.3.tgz#0aa116701955c2faa0717fc69cd1596095e49d96"
  integrity sha512-P1bffQfhD3O4LW0ioENXUhZ9OIa0Zn+P7M+pWgkCKaT53wVLSq0mrKksCID/FGHpFhRSxRGhgrQmfhRuzwtKdg==

"@types/cookies@*":
  version "0.7.4"
  resolved "https://registry.yarnpkg.com/@types/cookies/-/cookies-0.7.4.tgz#26dedf791701abc0e36b5b79a5722f40e455f87b"
  integrity sha512-oTGtMzZZAVuEjTwCjIh8T8FrC8n/uwy+PG0yTvQcdZ7etoel7C7/3MSd7qrukENTgQtotG7gvBlBojuVs7X5rw==
  dependencies:
    "@types/connect" "*"
    "@types/express" "*"
    "@types/keygrip" "*"
    "@types/node" "*"

"@types/express-serve-static-core@*":
  version "4.17.13"
  resolved "https://registry.yarnpkg.com/@types/express-serve-static-core/-/express-serve-static-core-4.17.13.tgz#d9af025e925fc8b089be37423b8d1eac781be084"
  integrity sha512-RgDi5a4nuzam073lRGKTUIaL3eF2+H7LJvJ8eUnCI0wA6SNjXc44DCmWNiTLs/AZ7QlsFWZiw/gTG3nSQGL0fA==
  dependencies:
    "@types/node" "*"
    "@types/qs" "*"
    "@types/range-parser" "*"

"@types/express@*":
  version "4.17.8"
  resolved "https://registry.yarnpkg.com/@types/express/-/express-4.17.8.tgz#3df4293293317e61c60137d273a2e96cd8d5f27a"
  integrity sha512-wLhcKh3PMlyA2cNAB9sjM1BntnhPMiM0JOBwPBqttjHev2428MLEB4AYVN+d8s2iyCVZac+o41Pflm/ZH5vLXQ==
  dependencies:
    "@types/body-parser" "*"
    "@types/express-serve-static-core" "*"
    "@types/qs" "*"
    "@types/serve-static" "*"

"@types/fs-capacitor@*":
  version "2.0.0"
  resolved "https://registry.yarnpkg.com/@types/fs-capacitor/-/fs-capacitor-2.0.0.tgz#17113e25817f584f58100fb7a08eed288b81956e"
  integrity sha512-FKVPOCFbhCvZxpVAMhdBdTfVfXUpsh15wFHgqOKxh9N9vzWZVuWCSijZ5T4U34XYNnuj2oduh6xcs1i+LPI+BQ==
  dependencies:
    "@types/node" "*"

"@types/graphql-upload@^8.0.0":
  version "8.0.4"
  resolved "https://registry.yarnpkg.com/@types/graphql-upload/-/graphql-upload-8.0.4.tgz#23a8ffb3d2fe6e0ee07e6f16ee9d9d5e995a2f4f"
  integrity sha512-0TRyJD2o8vbkmJF8InppFcPVcXKk+Rvlg/xvpHBIndSJYpmDWfmtx/ZAtl4f3jR2vfarpTqYgj8MZuJssSoU7Q==
  dependencies:
    "@types/express" "*"
    "@types/fs-capacitor" "*"
    "@types/koa" "*"
    graphql "^15.3.0"

"@types/http-assert@*":
  version "1.5.1"
  resolved "https://registry.yarnpkg.com/@types/http-assert/-/http-assert-1.5.1.tgz#d775e93630c2469c2f980fc27e3143240335db3b"
  integrity sha512-PGAK759pxyfXE78NbKxyfRcWYA/KwW17X290cNev/qAsn9eQIxkH4shoNBafH37wewhDG/0p1cHPbK6+SzZjWQ==

"@types/http-errors@*":
  version "1.8.0"
  resolved "https://registry.yarnpkg.com/@types/http-errors/-/http-errors-1.8.0.tgz#682477dbbbd07cd032731cb3b0e7eaee3d026b69"
  integrity sha512-2aoSC4UUbHDj2uCsCxcG/vRMXey/m17bC7UwitVm5hn22nI8O8Y9iDpA76Orc+DWkQ4zZrOKEshCqR/jSuXAHA==

"@types/keygrip@*":
  version "1.0.2"
  resolved "https://registry.yarnpkg.com/@types/keygrip/-/keygrip-1.0.2.tgz#513abfd256d7ad0bf1ee1873606317b33b1b2a72"
  integrity sha512-GJhpTepz2udxGexqos8wgaBx4I/zWIDPh/KOGEwAqtuGDkOUJu5eFvwmdBX4AmB8Odsr+9pHCQqiAqDL/yKMKw==

"@types/koa-compose@*":
  version "3.2.5"
  resolved "https://registry.yarnpkg.com/@types/koa-compose/-/koa-compose-3.2.5.tgz#85eb2e80ac50be95f37ccf8c407c09bbe3468e9d"
  integrity sha512-B8nG/OoE1ORZqCkBVsup/AKcvjdgoHnfi4pZMn5UwAPCbhk/96xyv284eBYW8JlQbQ7zDmnpFr68I/40mFoIBQ==
  dependencies:
    "@types/koa" "*"

"@types/koa@*":
  version "2.11.4"
  resolved "https://registry.yarnpkg.com/@types/koa/-/koa-2.11.4.tgz#8af02a069a9f8e08fa47b8da28d982e652f69cfb"
  integrity sha512-Etqs0kdqbuAsNr5k6mlZQelpZKVwMu9WPRHVVTLnceZlhr0pYmblRNJbCgoCMzKWWePldydU0AYEOX4Q9fnGUQ==
  dependencies:
    "@types/accepts" "*"
    "@types/content-disposition" "*"
    "@types/cookies" "*"
    "@types/http-assert" "*"
    "@types/http-errors" "*"
    "@types/keygrip" "*"
    "@types/koa-compose" "*"
    "@types/node" "*"

"@types/long@^4.0.0":
  version "4.0.1"
  resolved "https://registry.yarnpkg.com/@types/long/-/long-4.0.1.tgz#459c65fa1867dafe6a8f322c4c51695663cc55e9"
  integrity sha512-5tXH6Bx/kNGd3MgffdmP4dy2Z+G4eaXw0SE81Tq3BNadtnMR5/ySMzX4SLEzHJzSmPNn4HIdpQsBvXMUykr58w==

"@types/mime@*":
  version "2.0.3"
  resolved "https://registry.yarnpkg.com/@types/mime/-/mime-2.0.3.tgz#c893b73721db73699943bfc3653b1deb7faa4a3a"
  integrity sha512-Jus9s4CDbqwocc5pOAnh8ShfrnMcPHuJYzVcSUU7lrh8Ni5HuIqX3oilL86p3dlTrk0LzHRCgA/GQ7uNCw6l2Q==

"@types/node-fetch@2.5.7":
  version "2.5.7"
  resolved "https://registry.yarnpkg.com/@types/node-fetch/-/node-fetch-2.5.7.tgz#20a2afffa882ab04d44ca786449a276f9f6bbf3c"
  integrity sha512-o2WVNf5UhWRkxlf6eq+jMZDu7kjgpgJfl4xVNlvryc95O/6F2ld8ztKX+qu+Rjyet93WAWm5LjeX9H5FGkODvw==
  dependencies:
    "@types/node" "*"
    form-data "^3.0.0"

"@types/node@*", "@types/node@>=6":
  version "14.11.2"
  resolved "https://registry.yarnpkg.com/@types/node/-/node-14.11.2.tgz#2de1ed6670439387da1c9f549a2ade2b0a799256"
  integrity sha512-jiE3QIxJ8JLNcb1Ps6rDbysDhN4xa8DJJvuC9prr6w+1tIh+QAbYyNF3tyiZNLDBIuBCf4KEcV2UvQm/V60xfA==

"@types/node@^10.1.0":
  version "10.17.35"
  resolved "https://registry.yarnpkg.com/@types/node/-/node-10.17.35.tgz#58058f29b870e6ae57b20e4f6e928f02b7129f56"
  integrity sha512-gXx7jAWpMddu0f7a+L+txMplp3FnHl53OhQIF9puXKq3hDGY/GjH+MF04oWnV/adPSCrbtHumDCFwzq2VhltWA==

"@types/qs@*":
  version "6.9.5"
  resolved "https://registry.yarnpkg.com/@types/qs/-/qs-6.9.5.tgz#434711bdd49eb5ee69d90c1d67c354a9a8ecb18b"
  integrity sha512-/JHkVHtx/REVG0VVToGRGH2+23hsYLHdyG+GrvoUGlGAd0ErauXDyvHtRI/7H7mzLm+tBCKA7pfcpkQ1lf58iQ==

"@types/range-parser@*":
  version "1.2.3"
  resolved "https://registry.yarnpkg.com/@types/range-parser/-/range-parser-1.2.3.tgz#7ee330ba7caafb98090bece86a5ee44115904c2c"
  integrity sha512-ewFXqrQHlFsgc09MK5jP5iR7vumV/BYayNC6PgJO2LPe8vrnNFyjQjSppfEngITi0qvfKtzFvgKymGheFM9UOA==

"@types/serve-static@*":
  version "1.13.5"
  resolved "https://registry.yarnpkg.com/@types/serve-static/-/serve-static-1.13.5.tgz#3d25d941a18415d3ab092def846e135a08bbcf53"
  integrity sha512-6M64P58N+OXjU432WoLLBQxbA0LRGBCRm7aAGQJ+SMC1IMl0dgRVi9EFfoDcS2a7Xogygk/eGN94CfwU9UF7UQ==
  dependencies:
    "@types/express-serve-static-core" "*"
    "@types/mime" "*"

"@types/ws@^7.0.0":
  version "7.2.6"
  resolved "https://registry.yarnpkg.com/@types/ws/-/ws-7.2.6.tgz#516cbfb818310f87b43940460e065eb912a4178d"
  integrity sha512-Q07IrQUSNpr+cXU4E4LtkSIBPie5GLZyyMC1QtQYRLWz701+XcoVygGUZgvLqElq1nU4ICldMYPnexlBsg3dqQ==
  dependencies:
    "@types/node" "*"

"@types/zen-observable@^0.8.0":
  version "0.8.1"
  resolved "https://registry.yarnpkg.com/@types/zen-observable/-/zen-observable-0.8.1.tgz#5668c0bce55a91f2b9566b1d8a4c0a8dbbc79764"
  integrity sha512-wmk0xQI6Yy7Fs/il4EpOcflG4uonUpYGqvZARESLc2oy4u69fkatFLbJOeW4Q6awO15P4rduAe6xkwHevpXcUQ==

"@wry/context@^0.4.0":
  version "0.4.4"
  resolved "https://registry.yarnpkg.com/@wry/context/-/context-0.4.4.tgz#e50f5fa1d6cfaabf2977d1fda5ae91717f8815f8"
  integrity sha512-LrKVLove/zw6h2Md/KZyWxIkFM6AoyKp71OqpH9Hiip1csjPVoD3tPxlbQUNxEnHENks3UGgNpSBCAfq9KWuag==
  dependencies:
    "@types/node" ">=6"
    tslib "^1.9.3"

"@wry/equality@^0.1.2":
  version "0.1.11"
  resolved "https://registry.yarnpkg.com/@wry/equality/-/equality-0.1.11.tgz#35cb156e4a96695aa81a9ecc4d03787bc17f1790"
  integrity sha512-mwEVBDUVODlsQQ5dfuLUS5/Tf7jqUKyhKYHmVi4fPB6bDMOfWvUPJmKgS1Z7Za/sOI3vzWt4+O7yCiL/70MogA==
  dependencies:
    tslib "^1.9.3"

apollo-boost@^0.4.9:
  version "0.4.9"
  resolved "https://registry.yarnpkg.com/apollo-boost/-/apollo-boost-0.4.9.tgz#ab3ba539c2ca944e6fd156583a1b1954b17a6791"
  integrity sha512-05y5BKcDaa8w47f8d81UVwKqrAjn8uKLv6QM9fNdldoNzQ+rnOHgFlnrySUZRz9QIT3vPftQkEz2UEASp1Mi5g==
  dependencies:
    apollo-cache "^1.3.5"
    apollo-cache-inmemory "^1.6.6"
    apollo-client "^2.6.10"
    apollo-link "^1.0.6"
    apollo-link-error "^1.0.3"
    apollo-link-http "^1.3.1"
    graphql-tag "^2.4.2"
    ts-invariant "^0.4.0"
    tslib "^1.10.0"

apollo-cache-control@^0.11.2:
  version "0.11.2"
  resolved "https://registry.yarnpkg.com/apollo-cache-control/-/apollo-cache-control-0.11.2.tgz#63e74b0c927804445bc067dae34113c7e6aa0b60"
  integrity sha512-a1YdQLWzwuvZC7+xtJ8zno04pGRZG9595cX8W5YoXs2GeJqYdk+G3/tgdTgpLN827Vmgka0xkWfmxQUYm2xZUw==
  dependencies:
    apollo-server-env "^2.4.5"
    apollo-server-plugin-base "^0.10.0"

apollo-cache-inmemory@^1.6.6:
  version "1.6.6"
  resolved "https://registry.yarnpkg.com/apollo-cache-inmemory/-/apollo-cache-inmemory-1.6.6.tgz#56d1f2a463a6b9db32e9fa990af16d2a008206fd"
  integrity sha512-L8pToTW/+Xru2FFAhkZ1OA9q4V4nuvfoPecBM34DecAugUZEBhI2Hmpgnzq2hTKZ60LAMrlqiASm0aqAY6F8/A==
  dependencies:
    apollo-cache "^1.3.5"
    apollo-utilities "^1.3.4"
    optimism "^0.10.0"
    ts-invariant "^0.4.0"
    tslib "^1.10.0"

apollo-cache@1.3.5, apollo-cache@^1.3.5:
  version "1.3.5"
  resolved "https://registry.yarnpkg.com/apollo-cache/-/apollo-cache-1.3.5.tgz#9dbebfc8dbe8fe7f97ba568a224bca2c5d81f461"
  integrity sha512-1XoDy8kJnyWY/i/+gLTEbYLnoiVtS8y7ikBr/IfmML4Qb+CM7dEEbIUOjnY716WqmZ/UpXIxTfJsY7rMcqiCXA==
  dependencies:
    apollo-utilities "^1.3.4"
    tslib "^1.10.0"

apollo-client@^2.6.10:
  version "2.6.10"
  resolved "https://registry.yarnpkg.com/apollo-client/-/apollo-client-2.6.10.tgz#86637047b51d940c8eaa771a4ce1b02df16bea6a"
  integrity sha512-jiPlMTN6/5CjZpJOkGeUV0mb4zxx33uXWdj/xQCfAMkuNAC3HN7CvYDyMHHEzmcQ5GV12LszWoQ/VlxET24CtA==
  dependencies:
    "@types/zen-observable" "^0.8.0"
    apollo-cache "1.3.5"
    apollo-link "^1.0.0"
    apollo-utilities "1.3.4"
    symbol-observable "^1.0.2"
    ts-invariant "^0.4.0"
    tslib "^1.10.0"
    zen-observable "^0.8.0"

apollo-datasource@^0.7.2:
  version "0.7.2"
  resolved "https://registry.yarnpkg.com/apollo-datasource/-/apollo-datasource-0.7.2.tgz#1662ee93453a9b89af6f73ce561bde46b41ebf31"
  integrity sha512-ibnW+s4BMp4K2AgzLEtvzkjg7dJgCaw9M5b5N0YKNmeRZRnl/I/qBTQae648FsRKgMwTbRQIvBhQ0URUFAqFOw==
  dependencies:
    apollo-server-caching "^0.5.2"
    apollo-server-env "^2.4.5"

apollo-env@^0.6.5:
  version "0.6.5"
  resolved "https://registry.yarnpkg.com/apollo-env/-/apollo-env-0.6.5.tgz#5a36e699d39e2356381f7203493187260fded9f3"
  integrity sha512-jeBUVsGymeTHYWp3me0R2CZRZrFeuSZeICZHCeRflHTfnQtlmbSXdy5E0pOyRM9CU4JfQkKDC98S1YglQj7Bzg==
  dependencies:
    "@types/node-fetch" "2.5.7"
    core-js "^3.0.1"
    node-fetch "^2.2.0"
    sha.js "^2.4.11"

apollo-graphql@^0.6.0:
  version "0.6.0"
  resolved "https://registry.yarnpkg.com/apollo-graphql/-/apollo-graphql-0.6.0.tgz#37bee7dc853213269137f4c60bfdf2ee28658669"
  integrity sha512-BxTf5LOQe649e9BNTPdyCGItVv4Ll8wZ2BKnmiYpRAocYEXAVrQPWuSr3dO4iipqAU8X0gvle/Xu9mSqg5b7Qg==
  dependencies:
    apollo-env "^0.6.5"
    lodash.sortby "^4.7.0"

apollo-link-error@^1.0.3:
  version "1.1.13"
  resolved "https://registry.yarnpkg.com/apollo-link-error/-/apollo-link-error-1.1.13.tgz#c1a1bb876ffe380802c8df0506a32c33aad284cd"
  integrity sha512-jAZOOahJU6bwSqb2ZyskEK1XdgUY9nkmeclCrW7Gddh1uasHVqmoYc4CKdb0/H0Y1J9lvaXKle2Wsw/Zx1AyUg==
  dependencies:
    apollo-link "^1.2.14"
    apollo-link-http-common "^0.2.16"
    tslib "^1.9.3"

apollo-link-http-common@^0.2.16:
  version "0.2.16"
  resolved "https://registry.yarnpkg.com/apollo-link-http-common/-/apollo-link-http-common-0.2.16.tgz#756749dafc732792c8ca0923f9a40564b7c59ecc"
  integrity sha512-2tIhOIrnaF4UbQHf7kjeQA/EmSorB7+HyJIIrUjJOKBgnXwuexi8aMecRlqTIDWcyVXCeqLhUnztMa6bOH/jTg==
  dependencies:
    apollo-link "^1.2.14"
    ts-invariant "^0.4.0"
    tslib "^1.9.3"

apollo-link-http@^1.3.1:
  version "1.5.17"
  resolved "https://registry.yarnpkg.com/apollo-link-http/-/apollo-link-http-1.5.17.tgz#499e9f1711bf694497f02c51af12d82de5d8d8ba"
  integrity sha512-uWcqAotbwDEU/9+Dm9e1/clO7hTB2kQ/94JYcGouBVLjoKmTeJTUPQKcJGpPwUjZcSqgYicbFqQSoJIW0yrFvg==
  dependencies:
    apollo-link "^1.2.14"
    apollo-link-http-common "^0.2.16"
    tslib "^1.9.3"

apollo-link@^1.0.0, apollo-link@^1.0.6, apollo-link@^1.2.14:
  version "1.2.14"
  resolved "https://registry.yarnpkg.com/apollo-link/-/apollo-link-1.2.14.tgz#3feda4b47f9ebba7f4160bef8b977ba725b684d9"
  integrity sha512-p67CMEFP7kOG1JZ0ZkYZwRDa369w5PIjtMjvrQd/HnIV8FRsHRqLqK+oAZQnFa1DDdZtOtHTi+aMIW6EatC2jg==
  dependencies:
    apollo-utilities "^1.3.0"
    ts-invariant "^0.4.0"
    tslib "^1.9.3"
    zen-observable-ts "^0.8.21"

apollo-reporting-protobuf@^0.6.0:
  version "0.6.0"
  resolved "https://registry.yarnpkg.com/apollo-reporting-protobuf/-/apollo-reporting-protobuf-0.6.0.tgz#179e49e99229851d588b1fe6faff4ffdcf503224"
  integrity sha512-AFLQIuO0QhkoCF+41Be/B/YU0C33BZ0opfyXorIjM3MNNiEDSyjZqmUozlB3LqgfhT9mn2IR5RSsA+1b4VovDQ==
  dependencies:
    "@apollo/protobufjs" "^1.0.3"

apollo-server-caching@^0.5.2:
  version "0.5.2"
  resolved "https://registry.yarnpkg.com/apollo-server-caching/-/apollo-server-caching-0.5.2.tgz#bef5d5e0d48473a454927a66b7bb947a0b6eb13e"
  integrity sha512-HUcP3TlgRsuGgeTOn8QMbkdx0hLPXyEJehZIPrcof0ATz7j7aTPA4at7gaiFHCo8gk07DaWYGB3PFgjboXRcWQ==
  dependencies:
    lru-cache "^5.0.0"

apollo-server-core@^2.18.0:
  version "2.18.0"
  resolved "https://registry.yarnpkg.com/apollo-server-core/-/apollo-server-core-2.18.0.tgz#d758a5a17c47b5a716ac3ad245f68ee59d50cbbf"
  integrity sha512-33TQyUtHzAGMA5sxZrVAB8BPybazc4tYM4BpPBAAEamDq+BkkD5psHTcfUxa3vY+ZZJTCsFEk/ukIWZF1EReKw==
  dependencies:
    "@apollographql/apollo-tools" "^0.4.3"
    "@apollographql/graphql-playground-html" "1.6.26"
    "@types/graphql-upload" "^8.0.0"
    "@types/ws" "^7.0.0"
    apollo-cache-control "^0.11.2"
    apollo-datasource "^0.7.2"
    apollo-graphql "^0.6.0"
    apollo-reporting-protobuf "^0.6.0"
    apollo-server-caching "^0.5.2"
    apollo-server-env "^2.4.5"
    apollo-server-errors "^2.4.2"
    apollo-server-plugin-base "^0.10.0"
    apollo-server-types "^0.6.0"
    apollo-tracing "^0.11.3"
    async-retry "^1.2.1"
    fast-json-stable-stringify "^2.0.0"
    graphql-extensions "^0.12.5"
    graphql-tag "^2.9.2"
    graphql-tools "^4.0.0"
    graphql-upload "^8.0.2"
    loglevel "^1.6.7"
    sha.js "^2.4.11"
    subscriptions-transport-ws "^0.9.11"
    uuid "^8.0.0"
    ws "^6.0.0"

apollo-server-env@^2.4.5:
  version "2.4.5"
  resolved "https://registry.yarnpkg.com/apollo-server-env/-/apollo-server-env-2.4.5.tgz#73730b4f0439094a2272a9d0caa4079d4b661d5f"
  integrity sha512-nfNhmGPzbq3xCEWT8eRpoHXIPNcNy3QcEoBlzVMjeglrBGryLG2LXwBSPnVmTRRrzUYugX0ULBtgE3rBFNoUgA==
  dependencies:
    node-fetch "^2.1.2"
    util.promisify "^1.0.0"

apollo-server-errors@^2.4.2:
  version "2.4.2"
  resolved "https://registry.yarnpkg.com/apollo-server-errors/-/apollo-server-errors-2.4.2.tgz#1128738a1d14da989f58420896d70524784eabe5"
  integrity sha512-FeGxW3Batn6sUtX3OVVUm7o56EgjxDlmgpTLNyWcLb0j6P8mw9oLNyAm3B+deHA4KNdNHO5BmHS2g1SJYjqPCQ==

apollo-server-lambda@^2.18.0:
  version "2.18.0"
  resolved "https://registry.yarnpkg.com/apollo-server-lambda/-/apollo-server-lambda-2.18.0.tgz#9328b05040e7496ee968f10c43bff52ef5bf3962"
  integrity sha512-Guk+24GFs7FDdidE3rqio9+KmLW/cT/lad2RSZg7hJxaDPx7D+3IEp6FEwkfjEiaYkxOtkFmEY5P/cKUt4sdeA==
  dependencies:
    "@apollographql/graphql-playground-html" "1.6.26"
    "@types/aws-lambda" "^8.10.31"
    apollo-server-core "^2.18.0"
    apollo-server-env "^2.4.5"
    apollo-server-types "^0.6.0"
    graphql-tools "^4.0.0"

apollo-server-plugin-base@^0.10.0:
  version "0.10.0"
  resolved "https://registry.yarnpkg.com/apollo-server-plugin-base/-/apollo-server-plugin-base-0.10.0.tgz#117a089d4430f095ea7d288dd8ed11aaa3ef6372"
  integrity sha512-Aku8DpLwnKKE8oVQTg5YO539Pq3tyEwUPmIiQzh9X4WzSlDGb2HNe+TYh70CLrFCroAVHYmePILPYIq9MyhtGg==
  dependencies:
    apollo-server-types "^0.6.0"

apollo-server-types@^0.6.0:
  version "0.6.0"
  resolved "https://registry.yarnpkg.com/apollo-server-types/-/apollo-server-types-0.6.0.tgz#6085f8389881b79911384dab6c0e8a8b91c0e1a2"
  integrity sha512-usqXaz81bHxD2IZvKEQNnLpSbf2Z/BmobXZAjEefJEQv1ItNn+lJNUmSSEfGejHvHlg2A7WuAJKJWyDWcJrNnA==
  dependencies:
    apollo-reporting-protobuf "^0.6.0"
    apollo-server-caching "^0.5.2"
    apollo-server-env "^2.4.5"

apollo-tracing@^0.11.3:
  version "0.11.3"
  resolved "https://registry.yarnpkg.com/apollo-tracing/-/apollo-tracing-0.11.3.tgz#3dec53237f776b9b148fb234e61b9b93065c7e25"
  integrity sha512-/53eXTTRP7ju19KfJpWjJh/xfpqXCWmd8JUvZrr44eEni3P96QmmBVBAa50Q8CmjlegpkR5LhTxzMqN96q35jA==
  dependencies:
    apollo-server-env "^2.4.5"
    apollo-server-plugin-base "^0.10.0"

apollo-utilities@1.3.4, apollo-utilities@^1.0.1, apollo-utilities@^1.3.0, apollo-utilities@^1.3.4:
  version "1.3.4"
  resolved "https://registry.yarnpkg.com/apollo-utilities/-/apollo-utilities-1.3.4.tgz#6129e438e8be201b6c55b0f13ce49d2c7175c9cf"
  integrity sha512-pk2hiWrCXMAy2fRPwEyhvka+mqwzeP60Jr1tRYi5xru+3ko94HI9o6lK0CT33/w4RDlxWchmdhDCrvdr+pHCig==
  dependencies:
    "@wry/equality" "^0.1.2"
    fast-json-stable-stringify "^2.0.0"
    ts-invariant "^0.4.0"
    tslib "^1.10.0"

async-limiter@~1.0.0:
  version "1.0.1"
  resolved "https://registry.yarnpkg.com/async-limiter/-/async-limiter-1.0.1.tgz#dd379e94f0db8310b08291f9d64c3209766617fd"
  integrity sha512-csOlWGAcRFJaI6m+F2WKdnMKr4HhdhFVBk0H/QbJFMCr+uO2kwohwXQPxw/9OCxp05r5ghVBFSyioixx3gfkNQ==

async-retry@^1.2.1:
  version "1.3.1"
  resolved "https://registry.yarnpkg.com/async-retry/-/async-retry-1.3.1.tgz#139f31f8ddce50c0870b0ba558a6079684aaed55"
  integrity sha512-aiieFW/7h3hY0Bq5d+ktDBejxuwR78vRu9hDUdR8rNhSaQ29VzPL4AoIRG7D/c7tdenwOcKvgPM6tIxB3cB6HA==
  dependencies:
    retry "0.12.0"

asynckit@^0.4.0:
  version "0.4.0"
  resolved "https://registry.yarnpkg.com/asynckit/-/asynckit-0.4.0.tgz#c79ed97f7f34cb8f2ba1bc9790bcc366474b4b79"
  integrity sha1-x57Zf380y48robyXkLzDZkdLS3k=

backo2@^1.0.2:
  version "1.0.2"
  resolved "https://registry.yarnpkg.com/backo2/-/backo2-1.0.2.tgz#31ab1ac8b129363463e35b3ebb69f4dfcfba7947"
  integrity sha1-MasayLEpNjRj41s+u2n038+6eUc=

busboy@^0.3.1:
  version "0.3.1"
  resolved "https://registry.yarnpkg.com/busboy/-/busboy-0.3.1.tgz#170899274c5bf38aae27d5c62b71268cd585fd1b"
  integrity sha512-y7tTxhGKXcyBxRKAni+awqx8uqaJKrSFSNFSeRG5CsWNdmy2BIK+6VGWEW7TZnIO/533mtMEA4rOevQV815YJw==
  dependencies:
    dicer "0.3.0"

combined-stream@^1.0.8:
  version "1.0.8"
  resolved "https://registry.yarnpkg.com/combined-stream/-/combined-stream-1.0.8.tgz#c3d45a8b34fd730631a110a8a2520682b31d5a7f"
  integrity sha512-FQN4MRfuJeHf7cBbBMJFXhKSDq+2kAArBlmRBvcvFE5BB1HZKXtSFASDhdlz9zOYwxh8lDdnvmMOe/+5cdoEdg==
  dependencies:
    delayed-stream "~1.0.0"

commander@^2.20.3:
  version "2.20.3"
  resolved "https://registry.yarnpkg.com/commander/-/commander-2.20.3.tgz#fd485e84c03eb4881c20722ba48035e8531aeb33"
  integrity sha512-GpVkmM8vF2vQUkj2LvZmD35JxeJOLCwJ9cUkugyk2nuhbv3+mJvpLYYt+0+USMxE+oj+ey/lJEnhZw75x/OMcQ==

core-js@^3.0.1:
  version "3.6.5"
  resolved "https://registry.yarnpkg.com/core-js/-/core-js-3.6.5.tgz#7395dc273af37fb2e50e9bd3d9fe841285231d1a"
  integrity sha512-vZVEEwZoIsI+vPEuoF9Iqf5H7/M3eeQqWlQnYa8FSKKePuYTf5MWnxb5SDAzCa60b3JBRS5g9b+Dq7b1y/RCrA==

cssfilter@0.0.10:
  version "0.0.10"
  resolved "https://registry.yarnpkg.com/cssfilter/-/cssfilter-0.0.10.tgz#c6d2672632a2e5c83e013e6864a42ce8defd20ae"
  integrity sha1-xtJnJjKi5cg+AT5oZKQs6N79IK4=

define-properties@^1.1.3:
  version "1.1.3"
  resolved "https://registry.yarnpkg.com/define-properties/-/define-properties-1.1.3.tgz#cf88da6cbee26fe6db7094f61d870cbd84cee9f1"
  integrity sha512-3MqfYKj2lLzdMSf8ZIZE/V+Zuy+BgD6f164e8K2w7dgnpKArBDerGYpM46IYYcjnkdPNMjPk9A6VFB8+3SKlXQ==
  dependencies:
    object-keys "^1.0.12"

delayed-stream@~1.0.0:
  version "1.0.0"
  resolved "https://registry.yarnpkg.com/delayed-stream/-/delayed-stream-1.0.0.tgz#df3ae199acadfb7d440aaae0b29e2272b24ec619"
  integrity sha1-3zrhmayt+31ECqrgsp4icrJOxhk=

depd@~1.1.2:
  version "1.1.2"
  resolved "https://registry.yarnpkg.com/depd/-/depd-1.1.2.tgz#9bcd52e14c097763e749b274c4346ed2e560b5a9"
  integrity sha1-m81S4UwJd2PnSbJ0xDRu0uVgtak=

deprecated-decorator@^0.1.6:
  version "0.1.6"
  resolved "https://registry.yarnpkg.com/deprecated-decorator/-/deprecated-decorator-0.1.6.tgz#00966317b7a12fe92f3cc831f7583af329b86c37"
  integrity sha1-AJZjF7ehL+kvPMgx91g68ym4bDc=

dicer@0.3.0:
  version "0.3.0"
  resolved "https://registry.yarnpkg.com/dicer/-/dicer-0.3.0.tgz#eacd98b3bfbf92e8ab5c2fdb71aaac44bb06b872"
  integrity sha512-MdceRRWqltEG2dZqO769g27N/3PXfcKl04VhYnBlo2YhH7zPi88VebsjTKclaOyiuMaGU72hTfw3VkUitGcVCA==
  dependencies:
    streamsearch "0.1.2"

es-abstract@^1.17.0-next.1, es-abstract@^1.17.2, es-abstract@^1.17.5:
  version "1.17.6"
  resolved "https://registry.yarnpkg.com/es-abstract/-/es-abstract-1.17.6.tgz#9142071707857b2cacc7b89ecb670316c3e2d52a"
  integrity sha512-Fr89bON3WFyUi5EvAeI48QTWX0AyekGgLA8H+c+7fbfCkJwRWRMLd8CQedNEyJuoYYhmtEqY92pgte1FAhBlhw==
  dependencies:
    es-to-primitive "^1.2.1"
    function-bind "^1.1.1"
    has "^1.0.3"
    has-symbols "^1.0.1"
    is-callable "^1.2.0"
    is-regex "^1.1.0"
    object-inspect "^1.7.0"
    object-keys "^1.1.1"
    object.assign "^4.1.0"
    string.prototype.trimend "^1.0.1"
    string.prototype.trimstart "^1.0.1"

es-abstract@^1.18.0-next.0:
  version "1.18.0-next.0"
  resolved "https://registry.yarnpkg.com/es-abstract/-/es-abstract-1.18.0-next.0.tgz#b302834927e624d8e5837ed48224291f2c66e6fc"
  integrity sha512-elZXTZXKn51hUBdJjSZGYRujuzilgXo8vSPQzjGYXLvSlGiCo8VO8ZGV3kjo9a0WNJJ57hENagwbtlRuHuzkcQ==
  dependencies:
    es-to-primitive "^1.2.1"
    function-bind "^1.1.1"
    has "^1.0.3"
    has-symbols "^1.0.1"
    is-callable "^1.2.0"
    is-negative-zero "^2.0.0"
    is-regex "^1.1.1"
    object-inspect "^1.8.0"
    object-keys "^1.1.1"
    object.assign "^4.1.0"
    string.prototype.trimend "^1.0.1"
    string.prototype.trimstart "^1.0.1"

es-to-primitive@^1.2.1:
  version "1.2.1"
  resolved "https://registry.yarnpkg.com/es-to-primitive/-/es-to-primitive-1.2.1.tgz#e55cd4c9cdc188bcefb03b366c736323fc5c898a"
  integrity sha512-QCOllgZJtaUo9miYBcLChTUaHNjJF3PYs1VidD7AwiEj1kYxKeQTctLAezAOH5ZKRH0g2IgPn6KwB4IT8iRpvA==
  dependencies:
    is-callable "^1.1.4"
    is-date-object "^1.0.1"
    is-symbol "^1.0.2"

eventemitter3@^3.1.0:
  version "3.1.2"
  resolved "https://registry.yarnpkg.com/eventemitter3/-/eventemitter3-3.1.2.tgz#2d3d48f9c346698fce83a85d7d664e98535df6e7"
  integrity sha512-tvtQIeLVHjDkJYnzf2dgVMxfuSGJeM/7UCG17TT4EumTfNtF+0nebF/4zWOIkCreAbtNqhGEboB6BWrwqNaw4Q==

fast-json-stable-stringify@^2.0.0:
  version "2.1.0"
  resolved "https://registry.yarnpkg.com/fast-json-stable-stringify/-/fast-json-stable-stringify-2.1.0.tgz#874bf69c6f404c2b5d99c481341399fd55892633"
  integrity sha512-lhd/wF+Lk98HZoTCtlVraHtfh5XYijIjalXck7saUtuanSDyLMxnHhSXEDJqHxD7msR8D0uCmqlkwjCV8xvwHw==

form-data@^3.0.0:
  version "3.0.0"
  resolved "https://registry.yarnpkg.com/form-data/-/form-data-3.0.0.tgz#31b7e39c85f1355b7139ee0c647cf0de7f83c682"
  integrity sha512-CKMFDglpbMi6PyN+brwB9Q/GOw0eAnsrEZDgcsH5Krhz5Od/haKHAX0NmQfha2zPPz0JpWzA7GJHGSnvCRLWsg==
  dependencies:
    asynckit "^0.4.0"
    combined-stream "^1.0.8"
    mime-types "^2.1.12"

fs-capacitor@^2.0.4:
  version "2.0.4"
  resolved "https://registry.yarnpkg.com/fs-capacitor/-/fs-capacitor-2.0.4.tgz#5a22e72d40ae5078b4fe64fe4d08c0d3fc88ad3c"
  integrity sha512-8S4f4WsCryNw2mJJchi46YgB6CR5Ze+4L1h8ewl9tEpL4SJ3ZO+c/bS4BWhB8bK+O3TMqhuZarTitd0S0eh2pA==

function-bind@^1.1.1:
  version "1.1.1"
  resolved "https://registry.yarnpkg.com/function-bind/-/function-bind-1.1.1.tgz#a56899d3ea3c9bab874bb9773b7c5ede92f4895d"
  integrity sha512-yIovAzMX49sF8Yl58fSCWJ5svSLuaibPxXQJFLmBObTuCr0Mf1KiPopGM9NiFjiYBCbfaa2Fh6breQ6ANVTI0A==

graphql-extensions@^0.12.5:
  version "0.12.5"
  resolved "https://registry.yarnpkg.com/graphql-extensions/-/graphql-extensions-0.12.5.tgz#b0e6b218f26f5aafe9dd73642410fec6beac0575"
  integrity sha512-mGyGaktGpK3TVBtM0ZoyPX6Xk0mN9GYX9DRyFzDU4k4A2w93nLX7Ebcp+9/O5nHRmgrc0WziYYSmoWq2WNIoUQ==
  dependencies:
    "@apollographql/apollo-tools" "^0.4.3"
    apollo-server-env "^2.4.5"
    apollo-server-types "^0.6.0"

graphql-tag@^2.11.0, graphql-tag@^2.4.2, graphql-tag@^2.9.2:
  version "2.11.0"
  resolved "https://registry.yarnpkg.com/graphql-tag/-/graphql-tag-2.11.0.tgz#1deb53a01c46a7eb401d6cb59dec86fa1cccbffd"
  integrity sha512-VmsD5pJqWJnQZMUeRwrDhfgoyqcfwEkvtpANqcoUG8/tOLkwNgU9mzub/Mc78OJMhHjx7gfAMTxzdG43VGg3bA==

graphql-tools@^4.0.0:
  version "4.0.8"
  resolved "https://registry.yarnpkg.com/graphql-tools/-/graphql-tools-4.0.8.tgz#e7fb9f0d43408fb0878ba66b522ce871bafe9d30"
  integrity sha512-MW+ioleBrwhRjalKjYaLQbr+920pHBgy9vM/n47sswtns8+96sRn5M/G+J1eu7IMeKWiN/9p6tmwCHU7552VJg==
  dependencies:
    apollo-link "^1.2.14"
    apollo-utilities "^1.0.1"
    deprecated-decorator "^0.1.6"
    iterall "^1.1.3"
    uuid "^3.1.0"

graphql-upload@^8.0.2:
  version "8.1.0"
  resolved "https://registry.yarnpkg.com/graphql-upload/-/graphql-upload-8.1.0.tgz#6d0ab662db5677a68bfb1f2c870ab2544c14939a"
  integrity sha512-U2OiDI5VxYmzRKw0Z2dmfk0zkqMRaecH9Smh1U277gVgVe9Qn+18xqf4skwr4YJszGIh7iQDZ57+5ygOK9sM/Q==
  dependencies:
    busboy "^0.3.1"
    fs-capacitor "^2.0.4"
    http-errors "^1.7.3"
    object-path "^0.11.4"

graphql@^15.3.0:
  version "15.3.0"
  resolved "https://registry.yarnpkg.com/graphql/-/graphql-15.3.0.tgz#3ad2b0caab0d110e3be4a5a9b2aa281e362b5278"
  integrity sha512-GTCJtzJmkFLWRfFJuoo9RWWa/FfamUHgiFosxi/X1Ani4AVWbeyBenZTNX6dM+7WSbbFfTo/25eh0LLkwHMw2w==

has-symbols@^1.0.1:
  version "1.0.1"
  resolved "https://registry.yarnpkg.com/has-symbols/-/has-symbols-1.0.1.tgz#9f5214758a44196c406d9bd76cebf81ec2dd31e8"
  integrity sha512-PLcsoqu++dmEIZB+6totNFKq/7Do+Z0u4oT0zKOJNl3lYK6vGwwu2hjHs+68OEZbTjiUE9bgOABXbP/GvrS0Kg==

has@^1.0.3:
  version "1.0.3"
  resolved "https://registry.yarnpkg.com/has/-/has-1.0.3.tgz#722d7cbfc1f6aa8241f16dd814e011e1f41e8796"
  integrity sha512-f2dvO0VU6Oej7RkWJGrehjbzMAjFp5/VKPp5tTpWIV4JHHZK1/BxbFRtf/siA2SWTe09caDmVtYYzWEIbBS4zw==
  dependencies:
    function-bind "^1.1.1"

http-errors@^1.7.3:
  version "1.8.0"
  resolved "https://registry.yarnpkg.com/http-errors/-/http-errors-1.8.0.tgz#75d1bbe497e1044f51e4ee9e704a62f28d336507"
  integrity sha512-4I8r0C5JDhT5VkvI47QktDW75rNlGVsUf/8hzjCC/wkWI/jdTRmBb9aI7erSG82r1bjKY3F6k28WnsVxB1C73A==
  dependencies:
    depd "~1.1.2"
    inherits "2.0.4"
    setprototypeof "1.2.0"
    statuses ">= 1.5.0 < 2"
    toidentifier "1.0.0"

inherits@2.0.4, inherits@^2.0.1:
  version "2.0.4"
  resolved "https://registry.yarnpkg.com/inherits/-/inherits-2.0.4.tgz#0fa2c64f932917c3433a0ded55363aae37416b7c"
  integrity sha512-k/vGaX4/Yla3WzyMCvTQOXYeIHvqOKtnqBduzTHpzpQZzAskKMhZ2K+EnBiSM9zGSoIFeMpXKxa4dYeZIQqewQ==

is-callable@^1.1.4, is-callable@^1.2.0:
  version "1.2.2"
  resolved "https://registry.yarnpkg.com/is-callable/-/is-callable-1.2.2.tgz#c7c6715cd22d4ddb48d3e19970223aceabb080d9"
  integrity sha512-dnMqspv5nU3LoewK2N/y7KLtxtakvTuaCsU9FU50/QDmdbHNy/4/JuRtMHqRU22o3q+W89YQndQEeCVwK+3qrA==

is-date-object@^1.0.1:
  version "1.0.2"
  resolved "https://registry.yarnpkg.com/is-date-object/-/is-date-object-1.0.2.tgz#bda736f2cd8fd06d32844e7743bfa7494c3bfd7e"
  integrity sha512-USlDT524woQ08aoZFzh3/Z6ch9Y/EWXEHQ/AaRN0SkKq4t2Jw2R2339tSXmwuVoY7LLlBCbOIlx2myP/L5zk0g==

is-negative-zero@^2.0.0:
  version "2.0.0"
  resolved "https://registry.yarnpkg.com/is-negative-zero/-/is-negative-zero-2.0.0.tgz#9553b121b0fac28869da9ed459e20c7543788461"
  integrity sha1-lVOxIbD6wohp2p7UWeIMdUN4hGE=

is-regex@^1.1.0, is-regex@^1.1.1:
  version "1.1.1"
  resolved "https://registry.yarnpkg.com/is-regex/-/is-regex-1.1.1.tgz#c6f98aacc546f6cec5468a07b7b153ab564a57b9"
  integrity sha512-1+QkEcxiLlB7VEyFtyBg94e08OAsvq7FUBgApTq/w2ymCLyKJgDPsybBENVtA7XCQEgEXxKPonG+mvYRxh/LIg==
  dependencies:
    has-symbols "^1.0.1"

is-symbol@^1.0.2:
  version "1.0.3"
  resolved "https://registry.yarnpkg.com/is-symbol/-/is-symbol-1.0.3.tgz#38e1014b9e6329be0de9d24a414fd7441ec61937"
  integrity sha512-OwijhaRSgqvhm/0ZdAcXNZt9lYdKFpcRDT5ULUuYXPoT794UNOdU+gpT6Rzo7b4V2HUl/op6GqY894AZwv9faQ==
  dependencies:
    has-symbols "^1.0.1"

iterall@^1.1.3, iterall@^1.2.1:
  version "1.3.0"
  resolved "https://registry.yarnpkg.com/iterall/-/iterall-1.3.0.tgz#afcb08492e2915cbd8a0884eb93a8c94d0d72fea"
  integrity sha512-QZ9qOMdF+QLHxy1QIpUHUU1D5pS2CG2P69LF6L6CPjPYA/XMOmKV3PZpawHoAjHNyB0swdVTRxdYT4tbBbxqwg==

lodash.sortby@^4.7.0:
  version "4.7.0"
  resolved "https://registry.yarnpkg.com/lodash.sortby/-/lodash.sortby-4.7.0.tgz#edd14c824e2cc9c1e0b0a1b42bb5210516a42438"
  integrity sha1-7dFMgk4sycHgsKG0K7UhBRakJDg=

loglevel@^1.6.7:
  version "1.7.0"
  resolved "https://registry.yarnpkg.com/loglevel/-/loglevel-1.7.0.tgz#728166855a740d59d38db01cf46f042caa041bb0"
  integrity sha512-i2sY04nal5jDcagM3FMfG++T69GEEM8CYuOfeOIvmXzOIcwE9a/CJPR0MFM97pYMj/u10lzz7/zd7+qwhrBTqQ==

long@^4.0.0:
  version "4.0.0"
  resolved "https://registry.yarnpkg.com/long/-/long-4.0.0.tgz#9a7b71cfb7d361a194ea555241c92f7468d5bf28"
  integrity sha512-XsP+KhQif4bjX1kbuSiySJFNAehNxgLb6hPRGJ9QsUr8ajHkuXGdrHmFUTUUXhDwVX2R5bY4JNZEwbUiMhV+MA==

lru-cache@^5.0.0:
  version "5.1.1"
  resolved "https://registry.yarnpkg.com/lru-cache/-/lru-cache-5.1.1.tgz#1da27e6710271947695daf6848e847f01d84b920"
  integrity sha512-KpNARQA3Iwv+jTA0utUVVbrh+Jlrr1Fv0e56GGzAFOXN7dk/FviaDW8LHmK52DlcH4WP2n6gI8vN1aesBFgo9w==
  dependencies:
    yallist "^3.0.2"

mime-db@1.44.0:
  version "1.44.0"
  resolved "https://registry.yarnpkg.com/mime-db/-/mime-db-1.44.0.tgz#fa11c5eb0aca1334b4233cb4d52f10c5a6272f92"
  integrity sha512-/NOTfLrsPBVeH7YtFPgsVWveuL+4SjjYxaQ1xtM1KMFj7HdxlBlxeyNLzhyJVx7r4rZGJAZ/6lkKCitSc/Nmpg==

mime-types@^2.1.12:
  version "2.1.27"
  resolved "https://registry.yarnpkg.com/mime-types/-/mime-types-2.1.27.tgz#47949f98e279ea53119f5722e0f34e529bec009f"
  integrity sha512-JIhqnCasI9yD+SsmkquHBxTSEuZdQX5BuQnS2Vc7puQQQ+8yiP5AY5uWhpdv4YL4VM5c6iliiYWPgJ/nJQLp7w==
  dependencies:
    mime-db "1.44.0"

node-fetch@^2.1.2, node-fetch@^2.2.0:
  version "2.6.1"
  resolved "https://registry.yarnpkg.com/node-fetch/-/node-fetch-2.6.1.tgz#045bd323631f76ed2e2b55573394416b639a0052"
  integrity sha512-V4aYg89jEoVRxRb2fJdAg8FHvI7cEyYdVAh94HH0UIK8oJxUfkjlDQN9RbMx+bEjP7+ggMiFRprSti032Oipxw==

object-inspect@^1.7.0, object-inspect@^1.8.0:
  version "1.8.0"
  resolved "https://registry.yarnpkg.com/object-inspect/-/object-inspect-1.8.0.tgz#df807e5ecf53a609cc6bfe93eac3cc7be5b3a9d0"
  integrity sha512-jLdtEOB112fORuypAyl/50VRVIBIdVQOSUUGQHzJ4xBSbit81zRarz7GThkEFZy1RceYrWYcPcBFPQwHyAc1gA==

object-keys@^1.0.12, object-keys@^1.1.1:
  version "1.1.1"
  resolved "https://registry.yarnpkg.com/object-keys/-/object-keys-1.1.1.tgz#1c47f272df277f3b1daf061677d9c82e2322c60e"
  integrity sha512-NuAESUOUMrlIXOfHKzD6bpPu3tYt3xvjNdRIQ+FeT0lNb4K8WR70CaDxhuNguS2XG+GjkyMwOzsN5ZktImfhLA==

object-path@^0.11.4:
  version "0.11.4"
  resolved "https://registry.yarnpkg.com/object-path/-/object-path-0.11.4.tgz#370ae752fbf37de3ea70a861c23bba8915691949"
  integrity sha1-NwrnUvvzfePqcKhhwju6iRVpGUk=

object.assign@^4.1.0:
  version "4.1.1"
  resolved "https://registry.yarnpkg.com/object.assign/-/object.assign-4.1.1.tgz#303867a666cdd41936ecdedfb1f8f3e32a478cdd"
  integrity sha512-VT/cxmx5yaoHSOTSyrCygIDFco+RsibY2NM0a4RdEeY/4KgqezwFtK1yr3U67xYhqJSlASm2pKhLVzPj2lr4bA==
  dependencies:
    define-properties "^1.1.3"
    es-abstract "^1.18.0-next.0"
    has-symbols "^1.0.1"
    object-keys "^1.1.1"

object.getownpropertydescriptors@^2.1.0:
  version "2.1.0"
  resolved "https://registry.yarnpkg.com/object.getownpropertydescriptors/-/object.getownpropertydescriptors-2.1.0.tgz#369bf1f9592d8ab89d712dced5cb81c7c5352649"
  integrity sha512-Z53Oah9A3TdLoblT7VKJaTDdXdT+lQO+cNpKVnya5JDe9uLvzu1YyY1yFDFrcxrlRgWrEFH0jJtD/IbuwjcEVg==
  dependencies:
    define-properties "^1.1.3"
    es-abstract "^1.17.0-next.1"

optimism@^0.10.0:
  version "0.10.3"
  resolved "https://registry.yarnpkg.com/optimism/-/optimism-0.10.3.tgz#163268fdc741dea2fb50f300bedda80356445fd7"
  integrity sha512-9A5pqGoQk49H6Vhjb9kPgAeeECfUDF6aIICbMDL23kDLStBn1MWk3YvcZ4xWF9CsSf6XEgvRLkXy4xof/56vVw==
  dependencies:
    "@wry/context" "^0.4.0"

retry@0.12.0:
  version "0.12.0"
  resolved "https://registry.yarnpkg.com/retry/-/retry-0.12.0.tgz#1b42a6266a21f07421d1b0b54b7dc167b01c013b"
  integrity sha1-G0KmJmoh8HQh0bC1S33BZ7AcATs=

safe-buffer@^5.0.1:
  version "5.2.1"
  resolved "https://registry.yarnpkg.com/safe-buffer/-/safe-buffer-5.2.1.tgz#1eaf9fa9bdb1fdd4ec75f58f9cdb4e6b7827eec6"
  integrity sha512-rp3So07KcdmmKbGvgaNxQSJr7bGVSVk5S9Eq1F+ppbRo70+YeaDxkw5Dd8NPN+GD6bjnYm2VuPuCXmpuYvmCXQ==

setprototypeof@1.2.0:
  version "1.2.0"
  resolved "https://registry.yarnpkg.com/setprototypeof/-/setprototypeof-1.2.0.tgz#66c9a24a73f9fc28cbe66b09fed3d33dcaf1b424"
  integrity sha512-E5LDX7Wrp85Kil5bhZv46j8jOeboKq5JMmYM3gVGdGH8xFpPWXUMsNrlODCrkoxMEeNi/XZIwuRvY4XNwYMJpw==

sha.js@^2.4.11:
  version "2.4.11"
  resolved "https://registry.yarnpkg.com/sha.js/-/sha.js-2.4.11.tgz#37a5cf0b81ecbc6943de109ba2960d1b26584ae7"
  integrity sha512-QMEp5B7cftE7APOjk5Y6xgrbWu+WkLVQwk8JNjZ8nKRciZaByEW6MubieAiToS7+dwvrjGhH8jRXz3MVd0AYqQ==
  dependencies:
    inherits "^2.0.1"
    safe-buffer "^5.0.1"

"statuses@>= 1.5.0 < 2":
  version "1.5.0"
  resolved "https://registry.yarnpkg.com/statuses/-/statuses-1.5.0.tgz#161c7dac177659fd9811f43771fa99381478628c"
  integrity sha1-Fhx9rBd2Wf2YEfQ3cfqZOBR4Yow=

streamsearch@0.1.2:
  version "0.1.2"
  resolved "https://registry.yarnpkg.com/streamsearch/-/streamsearch-0.1.2.tgz#808b9d0e56fc273d809ba57338e929919a1a9f1a"
  integrity sha1-gIudDlb8Jz2Am6VzOOkpkZoanxo=

string.prototype.trimend@^1.0.1:
  version "1.0.1"
  resolved "https://registry.yarnpkg.com/string.prototype.trimend/-/string.prototype.trimend-1.0.1.tgz#85812a6b847ac002270f5808146064c995fb6913"
  integrity sha512-LRPxFUaTtpqYsTeNKaFOw3R4bxIzWOnbQ837QfBylo8jIxtcbK/A/sMV7Q+OAV/vWo+7s25pOE10KYSjaSO06g==
  dependencies:
    define-properties "^1.1.3"
    es-abstract "^1.17.5"

string.prototype.trimstart@^1.0.1:
  version "1.0.1"
  resolved "https://registry.yarnpkg.com/string.prototype.trimstart/-/string.prototype.trimstart-1.0.1.tgz#14af6d9f34b053f7cfc89b72f8f2ee14b9039a54"
  integrity sha512-XxZn+QpvrBI1FOcg6dIpxUPgWCPuNXvMD72aaRaUQv1eD4e/Qy8i/hFTe0BUmD60p/QA6bh1avmuPTfNjqVWRw==
  dependencies:
    define-properties "^1.1.3"
    es-abstract "^1.17.5"

subscriptions-transport-ws@^0.9.11:
  version "0.9.18"
  resolved "https://registry.yarnpkg.com/subscriptions-transport-ws/-/subscriptions-transport-ws-0.9.18.tgz#bcf02320c911fbadb054f7f928e51c6041a37b97"
  integrity sha512-tztzcBTNoEbuErsVQpTN2xUNN/efAZXyCyL5m3x4t6SKrEiTL2N8SaKWBFWM4u56pL79ULif3zjyeq+oV+nOaA==
  dependencies:
    backo2 "^1.0.2"
    eventemitter3 "^3.1.0"
    iterall "^1.2.1"
    symbol-observable "^1.0.4"
    ws "^5.2.0"

symbol-observable@^1.0.2, symbol-observable@^1.0.4:
  version "1.2.0"
  resolved "https://registry.yarnpkg.com/symbol-observable/-/symbol-observable-1.2.0.tgz#c22688aed4eab3cdc2dfeacbb561660560a00804"
  integrity sha512-e900nM8RRtGhlV36KGEU9k65K3mPb1WV70OdjfxlG2EAuM1noi/E/BaW/uMhL7bPEssK8QV57vN3esixjUvcXQ==

toidentifier@1.0.0:
  version "1.0.0"
  resolved "https://registry.yarnpkg.com/toidentifier/-/toidentifier-1.0.0.tgz#7e1be3470f1e77948bc43d94a3c8f4d7752ba553"
  integrity sha512-yaOH/Pk/VEhBWWTlhI+qXxDFXlejDGcQipMlyxda9nthulaxLZUNcUqFxokp0vcYnvteJln5FNQDRrxj3YcbVw==

ts-invariant@^0.4.0:
  version "0.4.4"
  resolved "https://registry.yarnpkg.com/ts-invariant/-/ts-invariant-0.4.4.tgz#97a523518688f93aafad01b0e80eb803eb2abd86"
  integrity sha512-uEtWkFM/sdZvRNNDL3Ehu4WVpwaulhwQszV8mrtcdeE8nN00BV9mAmQ88RkrBhFgl9gMgvjJLAQcZbnPXI9mlA==
  dependencies:
    tslib "^1.9.3"

tslib@^1.10.0, tslib@^1.9.3:
  version "1.13.0"
  resolved "https://registry.yarnpkg.com/tslib/-/tslib-1.13.0.tgz#c881e13cc7015894ed914862d276436fa9a47043"
  integrity sha512-i/6DQjL8Xf3be4K/E6Wgpekn5Qasl1usyw++dAA35Ue5orEn65VIxOA+YvNNl9HV3qv70T7CNwjODHZrLwvd1Q==

util.promisify@^1.0.0:
  version "1.0.1"
  resolved "https://registry.yarnpkg.com/util.promisify/-/util.promisify-1.0.1.tgz#6baf7774b80eeb0f7520d8b81d07982a59abbaee"
  integrity sha512-g9JpC/3He3bm38zsLupWryXHoEcS22YHthuPQSJdMy6KNrzIRzWqcsHzD/WUnqe45whVou4VIsPew37DoXWNrA==
  dependencies:
    define-properties "^1.1.3"
    es-abstract "^1.17.2"
    has-symbols "^1.0.1"
    object.getownpropertydescriptors "^2.1.0"

uuid@^3.1.0:
  version "3.4.0"
  resolved "https://registry.yarnpkg.com/uuid/-/uuid-3.4.0.tgz#b23e4358afa8a202fe7a100af1f5f883f02007ee"
  integrity sha512-HjSDRw6gZE5JMggctHBcjVak08+KEVhSIiDzFnT9S9aegmp85S/bReBVTb4QTFaRNptJ9kuYaNhnbNEOkbKb/A==

uuid@^8.0.0:
  version "8.3.0"
  resolved "https://registry.yarnpkg.com/uuid/-/uuid-8.3.0.tgz#ab738085ca22dc9a8c92725e459b1d507df5d6ea"
  integrity sha512-fX6Z5o4m6XsXBdli9g7DtWgAx+osMsRRZFKma1mIUsLCz6vRvv+pz5VNbyu9UEDzpMWulZfvpgb/cmDXVulYFQ==

ws@^5.2.0:
  version "5.2.2"
  resolved "https://registry.yarnpkg.com/ws/-/ws-5.2.2.tgz#dffef14866b8e8dc9133582514d1befaf96e980f"
  integrity sha512-jaHFD6PFv6UgoIVda6qZllptQsMlDEJkTQcybzzXDYM1XO9Y8em691FGMPmM46WGyLU4z9KMgQN+qrux/nhlHA==
  dependencies:
    async-limiter "~1.0.0"

ws@^6.0.0:
  version "6.2.1"
  resolved "https://registry.yarnpkg.com/ws/-/ws-6.2.1.tgz#442fdf0a47ed64f59b6a5d8ff130f4748ed524fb"
  integrity sha512-GIyAXC2cB7LjvpgMt9EKS2ldqr0MTrORaleiOno6TweZ6r3TKtoFQWay/2PceJ3RuBasOHzXNn5Lrw1X0bEjqA==
  dependencies:
    async-limiter "~1.0.0"

xss@^1.0.6:
  version "1.0.8"
  resolved "https://registry.yarnpkg.com/xss/-/xss-1.0.8.tgz#32feb87feb74b3dcd3d404b7a68ababf10700535"
  integrity sha512-3MgPdaXV8rfQ/pNn16Eio6VXYPTkqwa0vc7GkiymmY/DqR1SE/7VPAAVZz1GJsJFrllMYO3RHfEaiUGjab6TNw==
  dependencies:
    commander "^2.20.3"
    cssfilter "0.0.10"

yallist@^3.0.2:
  version "3.1.1"
  resolved "https://registry.yarnpkg.com/yallist/-/yallist-3.1.1.tgz#dbb7daf9bfd8bac9ab45ebf602b8cbad0d5d08fd"
  integrity sha512-a4UGQaWPH59mOXUYnAG2ewncQS4i4F43Tv3JoAM+s2VDAmS9NsK8GpDMLrCHPksFT7h3K6TOoUNn2pb7RoXx4g==

zen-observable-ts@^0.8.21:
  version "0.8.21"
  resolved "https://registry.yarnpkg.com/zen-observable-ts/-/zen-observable-ts-0.8.21.tgz#85d0031fbbde1eba3cd07d3ba90da241215f421d"
  integrity sha512-Yj3yXweRc8LdRMrCC8nIc4kkjWecPAUVh0TI0OUrWXx6aX790vLcDlWca6I4vsyCGH3LpWxq0dJRcMOFoVqmeg==
  dependencies:
    tslib "^1.9.3"
    zen-observable "^0.8.0"

zen-observable@^0.8.0:
  version "0.8.15"
  resolved "https://registry.yarnpkg.com/zen-observable/-/zen-observable-0.8.15.tgz#96415c512d8e3ffd920afd3889604e30b9eaac15"
  integrity sha512-PQ2PC7R9rslx84ndNBZB/Dkv8V8fZEpk83RLgXtYd0fwUgEjseMn1Dgajh2x6S8QbZAFa9p2qVCEuYZNgve0dQ==
