{
  "name": "middy-lambda",
  "lockfileVersion": 3,
  "requires": true,
  "packages": {
    "": {
      "name": "middy-lambda",
      "dependencies": {
        "@middy/core": "4.6.5",
        "@middy/http-event-normalizer": "4.6.5",
        "@middy/http-json-body-parser": "4.6.5"
      }
    },
    "node_modules/@middy/core": {
      "version": "4.6.5",
      "resolved": "https://registry.npmjs.org/@middy/core/-/core-4.6.5.tgz",
      "integrity": "sha512-nsAmIcafn2GGHz7yOJecEZjQ0UVARC+Wem2wzGELolXKM2TskcyDcvwqDSlas4pwh7gzHTdfwP+pUmQVRGWJPQ==",
      "engines": {
        "node": ">=16"
      },
      "funding": {
        "type": "github",
        "url": "https://github.com/sponsors/willfarrell"
      }
    },
    "node_modules/@middy/http-event-normalizer": {
      "version": "4.6.5",
      "resolved": "https://registry.npmjs.org/@middy/http-event-normalizer/-/http-event-normalizer-4.6.5.tgz",
      "integrity": "sha512-j5llnlqjo/WATs4L8DBFtQ3FkbpKIhcMy9h/icy00dTp6+jhdCeILhnwhTY5S7M/eF8nXfi3NG3T8nINLoKY/A==",
      "engines": {
        "node": ">=16"
      },
      "funding": {
        "type": "github",
        "url": "https://github.com/sponsors/willfarrell"
      }
    },
    "node_modules/@middy/http-json-body-parser": {
      "version": "4.6.5",
      "resolved": "https://registry.npmjs.org/@middy/http-json-body-parser/-/http-json-body-parser-4.6.5.tgz",
      "integrity": "sha512-WQhArH6ZCilUtw2tDYdA8Vjmwmwga1jsBAWl4Mg/D4RzmTwTVXDwU5gEebJ6D0XWA7VNaSkKiOTwyp4WuaZDUA==",
      "dependencies": {
        "@middy/util": "4.6.5"
      },
      "engines": {
        "node": ">=16"
      },
      "funding": {
        "type": "github",
        "url": "https://github.com/sponsors/willfarrell"
      }
    },
    "node_modules/@middy/util": {
      "version": "4.6.5",
      "resolved": "https://registry.npmjs.org/@middy/util/-/util-4.6.5.tgz",
      "integrity": "sha512-4cSIgW2kLYcfQ13Z1hHK7BDLCBsBe76iIiJ7xlPd/G3gwOl661K/jYGFkpNvksbmkEpqwNR1EFve0Mw3i2jMJQ==",
      "engines": {
        "node": ">=16"
      },
      "funding": {
        "type": "github",
        "url": "https://github.com/sponsors/willfarrell"
      }
    }
  }
}
