{
  "name": "middy-lambda",
  "lockfileVersion": 2,
  "requires": true,
  "packages": {
    "": {
      "name": "middy-http-lambda",
      "dependencies": {
        "@middy/core": "^3.5.0",
        "@middy/http-error-handler": "^3.5.0",
        "@middy/http-event-normalizer": "^3.5.0",
        "@middy/http-json-body-parser": "^3.5.0"
      }
    },
    "node_modules/@middy/core": {
      "version": "3.5.0",
      "resolved": "https://registry.npmjs.org/@middy/core/-/core-3.5.0.tgz",
      "integrity": "sha512-IPX68ruFLNsnX1bRLEsNKcJzY30dCuQJl70GxHlkJJrGb0QJq3beHlt3p+fdIwke1YSX4aBrs3dCACwZ5VoSIw==",
      "engines": {
        "node": ">=14"
      }
    },
    "node_modules/@middy/http-error-handler": {
      "version": "3.5.0",
      "resolved": "https://registry.npmjs.org/@middy/http-error-handler/-/http-error-handler-3.5.0.tgz",
      "integrity": "sha512-6gShGvu9tYY2m9UREE8Rf8QU7WRjaRrpbVRyxbCjMl2bkAyb0WaplFI4Vr4k44GSxIrBoaWvMDhJznObVbej1w==",
      "dependencies": {
        "@middy/util": "3.5.0"
      },
      "engines": {
        "node": ">=14"
      }
    },
    "node_modules/@middy/http-event-normalizer": {
      "version": "3.5.0",
      "resolved": "https://registry.npmjs.org/@middy/http-event-normalizer/-/http-event-normalizer-3.5.0.tgz",
      "integrity": "sha512-ylEMNbLMshscdmlQexQG/4BJkGPFFlwwrDTehdoF8c7NyinsaoAB90VWwh5MJhZBpBV4mX4GPMMoeIzuNAmqFw==",
      "engines": {
        "node": ">=14"
      }
    },
    "node_modules/@middy/http-json-body-parser": {
      "version": "3.5.0",
      "resolved": "https://registry.npmjs.org/@middy/http-json-body-parser/-/http-json-body-parser-3.5.0.tgz",
      "integrity": "sha512-y0keA2IeivtNzNxwSgElX5hzyeb0qlHc2f+z6kihBqbH+MIWWMHYLJUS4IhFOwQuC4XHY/zMyuOXemRwOyWCrQ==",
      "dependencies": {
        "@middy/util": "3.5.0"
      },
      "engines": {
        "node": ">=14"
      }
    },
    "node_modules/@middy/util": {
      "version": "3.5.0",
      "resolved": "https://registry.npmjs.org/@middy/util/-/util-3.5.0.tgz",
      "integrity": "sha512-qbZAH9IyKFYNihybp5KlCbJCjIKD/2EmKiM4KHDarTS5rU1nB8pdOjxqc9s2q/S2/aA8iajAHams/KAarjmbVw==",
      "engines": {
        "node": ">=14"
      }
    }
  },
  "dependencies": {
    "@middy/core": {
      "version": "3.5.0",
      "resolved": "https://registry.npmjs.org/@middy/core/-/core-3.5.0.tgz",
      "integrity": "sha512-IPX68ruFLNsnX1bRLEsNKcJzY30dCuQJl70GxHlkJJrGb0QJq3beHlt3p+fdIwke1YSX4aBrs3dCACwZ5VoSIw=="
    },
    "@middy/http-error-handler": {
      "version": "3.5.0",
      "resolved": "https://registry.npmjs.org/@middy/http-error-handler/-/http-error-handler-3.5.0.tgz",
      "integrity": "sha512-6gShGvu9tYY2m9UREE8Rf8QU7WRjaRrpbVRyxbCjMl2bkAyb0WaplFI4Vr4k44GSxIrBoaWvMDhJznObVbej1w==",
      "requires": {
        "@middy/util": "3.5.0"
      }
    },
    "@middy/http-event-normalizer": {
      "version": "3.5.0",
      "resolved": "https://registry.npmjs.org/@middy/http-event-normalizer/-/http-event-normalizer-3.5.0.tgz",
      "integrity": "sha512-ylEMNbLMshscdmlQexQG/4BJkGPFFlwwrDTehdoF8c7NyinsaoAB90VWwh5MJhZBpBV4mX4GPMMoeIzuNAmqFw=="
    },
    "@middy/http-json-body-parser": {
      "version": "3.5.0",
      "resolved": "https://registry.npmjs.org/@middy/http-json-body-parser/-/http-json-body-parser-3.5.0.tgz",
      "integrity": "sha512-y0keA2IeivtNzNxwSgElX5hzyeb0qlHc2f+z6kihBqbH+MIWWMHYLJUS4IhFOwQuC4XHY/zMyuOXemRwOyWCrQ==",
      "requires": {
        "@middy/util": "3.5.0"
      }
    },
    "@middy/util": {
      "version": "3.5.0",
      "resolved": "https://registry.npmjs.org/@middy/util/-/util-3.5.0.tgz",
      "integrity": "sha512-qbZAH9IyKFYNihybp5KlCbJCjIKD/2EmKiM4KHDarTS5rU1nB8pdOjxqc9s2q/S2/aA8iajAHams/KAarjmbVw=="
    }
  }
}
