{
  "name": "middy-lambda",
  "lockfileVersion": 3,
  "requires": true,
  "packages": {
    "": {
      "name": "middy-lambda",
      "dependencies": {
        "@middy/core": "4.6.4",
        "@middy/http-event-normalizer": "4.6.4",
        "@middy/http-json-body-parser": "4.6.4"
      }
    },
    "node_modules/@middy/core": {
      "version": "4.6.4",
      "resolved": "https://registry.npmjs.org/@middy/core/-/core-4.6.4.tgz",
      "integrity": "sha512-yO+z6ijOFUeXJj/SOmEy2lP0ZxGGkJyaNXSUUQZdyLeNIzHtqqCvef/eIym5WZnl4prEr76sHCv0dwEmfSwYLQ==",
      "engines": {
        "node": ">=16"
      },
      "funding": {
        "type": "github",
        "url": "https://github.com/sponsors/willfarrell"
      }
    },
    "node_modules/@middy/http-event-normalizer": {
      "version": "4.6.4",
      "resolved": "https://registry.npmjs.org/@middy/http-event-normalizer/-/http-event-normalizer-4.6.4.tgz",
      "integrity": "sha512-0xQnMHDbvYZbCExkViFCV3HFpn47Wkgvo9RBxoW32eufXahZQPK/FjUosyWgkZ/hSafI/zLMnyUWDpH99YDNnA==",
      "engines": {
        "node": ">=16"
      },
      "funding": {
        "type": "github",
        "url": "https://github.com/sponsors/willfarrell"
      }
    },
    "node_modules/@middy/http-json-body-parser": {
      "version": "4.6.4",
      "resolved": "https://registry.npmjs.org/@middy/http-json-body-parser/-/http-json-body-parser-4.6.4.tgz",
      "integrity": "sha512-yE1BEeHkWKYcioWsesj78hiuyvO3XME7+J9VGBp9OZdFy+ycoJVbTXuJevYPnzhk8lDCIURXJJeY4D0wttMyZw==",
      "dependencies": {
        "@middy/util": "4.6.4"
      },
      "engines": {
        "node": ">=16"
      },
      "funding": {
        "type": "github",
        "url": "https://github.com/sponsors/willfarrell"
      }
    },
    "node_modules/@middy/util": {
      "version": "4.6.4",
      "resolved": "https://registry.npmjs.org/@middy/util/-/util-4.6.4.tgz",
      "integrity": "sha512-U9wQtmBlnHKdkTMUfdJXVkVRU0BKdXBOi3jFPalUVgZL/SlMACLyelitFUmNhfsjXBPvBdPJg7wadnAzzWRRZQ==",
      "engines": {
        "node": ">=16"
      },
      "funding": {
        "type": "github",
        "url": "https://github.com/sponsors/willfarrell"
      }
    }
  }
}
